{
  "name": "animate-uri",
  "version": "1.3.0",
  "lockfileVersion": 1,
  "requires": true,
  "dependencies": {
    "@colordx/core": {
      "version": "5.6.0",
      "resolved": "https://registry.npmjs.org/@colordx/core/-/core-5.6.0.tgz",
      "integrity": "sha512-EDlcg/Hmlj1WuFh/Os9YhA+A2aasB2XlgwFfGePUDuW7fVHC07HBi5AFIMx0Ct1eM8kHM9NRyOtZ0MuVYa8xvg==",
      "dev": true
    },
    "baseline-browser-mapping": {
      "version": "2.11.19",
      "resolved": "https://registry.npmjs.org/baseline-browser-mapping/-/baseline-browser-mapping-2.11.19.tgz",
      "integrity": "sha512-Grytf1xOxOEMTGRwx6rLGKkTabd4vMg3VrKdj/7joCmV0qgh4QwMMO6xh34YEXQqirAuUdgQGa5orJQQ+69RBw==",
      "dev": true
    },
    "boolbase": {
      "version": "1.0.0",
      "resolved": "https://registry.npmjs.org/boolbase/-/boolbase-1.0.0.tgz",
      "integrity": "sha512-JZOSA7Mo9sNGB8+UjSgzdLtokWAky1zbztM3WRLCbZ70/3cTANmQmOdR7y2g+J0e2WXywy1yS468tY+IruqEww==",
      "dev": true
    },
    "browserslist": {
      "version": "4.28.8",
      "resolved": "https://registry.npmjs.org/browserslist/-/browserslist-4.28.8.tgz",
      "integrity": "sha512-V2NpofLblG64mfOtSgDhOJESZEGogzDMBv/q+W6oc4LXWP/q75eOXoOaaOu1EOadB9U4Bwx/e0yzbvwKH8zalA==",
      "dev": true,
      "requires": {
        "baseline-browser-mapping": "^2.11.12",
        "caniuse-lite": "^1.0.30001809",
        "electron-to-chromium": "^1.5.402",
        "node-releases": "^2.0.53",
        "update-browserslist-db": "^1.3.0"
      }
    },
    "caniuse-api": {
      "version": "4.0.0",
      "resolved": "https://registry.npmjs.org/caniuse-api/-/caniuse-api-4.0.0.tgz",
      "integrity": "sha512-B0hQ1OLyJuHTQSOWXvwibWqM6DCoqJdvBA6X1S/53bd4XU7LJ1yurIPlrsouol3mw1jh9pGI4ivubSpmJeIqCA==",
      "dev": true,
      "requires": {
        "browserslist": "^4.0.0",
        "caniuse-lite": "^1.0.0"
      }
    },
    "caniuse-lite": {
      "version": "1.0.30001810",
      "resolved": "https://registry.npmjs.org/caniuse-lite/-/caniuse-lite-1.0.30001810.tgz",
      "integrity": "sha512-TITQPUkaz+aVk5GL6NhOdwk1aEaNTSDPsGFWrTuhKGtjTF70jL/Oht2W4c6rXUe5fu7Ie19VIahAXHIIiWWNeg==",
      "dev": true
    },
    "commander": {
      "version": "11.1.0",
      "resolved": "https://registry.npmjs.org/commander/-/commander-11.1.0.tgz",
      "integrity": "sha512-yPVavfyCcRhmorC7rWlkHn15b4wDVgVmBA7kV4QVBsF7kv/9TKJAbAXVTxvTnwP8HHKjRCJDClKbciiYS7p0DQ==",
      "dev": true
    },
    "css-select": {
      "version": "6.0.0",
      "resolved": "https://registry.npmjs.org/css-select/-/css-select-6.0.0.tgz",
      "integrity": "sha512-rZZVSLle8v0+EY8QAkDWrKhpgt6SA5OtHsgBnsj6ZaLb5dmDVOWUDtQitd9ydxxvEjhewNudS6eTVU7uOyzvXw==",
      "dev": true,
      "requires": {
        "boolbase": "^1.0.0",
        "css-what": "^7.0.0",
        "domhandler": "^5.0.3",
        "domutils": "^3.2.2",
        "nth-check": "^2.1.1"
      }
    },
    "css-tree": {
      "version": "3.2.1",
      "resolved": "https://registry.npmjs.org/css-tree/-/css-tree-3.2.1.tgz",
      "integrity": "sha512-X7sjQzceUhu1u7Y/ylrRZFU2FS6LRiFVp6rKLPg23y3x3c3DOKAwuXGDp+PAGjh6CSnCjYeAul8pcT8bAl+lSA==",
      "dev": true,
      "requires": {
        "mdn-data": "2.27.1",
        "source-map-js": "^1.2.1"
      }
    },
    "css-what": {
      "version": "7.0.0",
      "resolved": "https://registry.npmjs.org/css-what/-/css-what-7.0.0.tgz",
      "integrity": "sha512-wD5oz5xibMOPHzy13CyGmogB3phdvcDaB5t0W/Nr5Z2O/agcB8YwOz6e2Lsp10pNDzBoDO9nVa3RGs/2BttpHQ==",
      "dev": true
    },
    "cssesc": {
      "version": "3.0.0",
      "resolved": "https://registry.npmjs.org/cssesc/-/cssesc-3.0.0.tgz",
      "integrity": "sha512-/Tb/JcjK111nNScGob5MNtsntNM1aCNUDipB/TkwZFhyDrrE47SOx/18wF2bbjgc3ZzCSKW1T5nt5EbFoAz/Vg==",
      "dev": true
    },
    "cssnano": {
      "version": "8.0.10",
      "resolved": "https://registry.npmjs.org/cssnano/-/cssnano-8.0.10.tgz",
      "integrity": "sha512-aMlBsvQW5g1b8vfPnkuy5Bk7g/jyRsf5eMpbhe4nKnePx+n2IrC0L6dFqnd3r4/OGNIYGEHfAt09oywi84fWKQ==",
      "dev": true,
      "requires": {
        "cssnano-preset-default": "^8.0.10",
        "lilconfig": "^3.1.3"
      }
    },
    "cssnano-preset-default": {
      "version": "8.0.10",
      "resolved": "https://registry.npmjs.org/cssnano-preset-default/-/cssnano-preset-default-8.0.10.tgz",
      "integrity": "sha512-34uq3q7OXgmfxXn+MHTgIqysCLH7zRZZUMAwrBiO09F5/KLVD33iDFNRRUNYStKdj0SaAIUVr6Akao2Fpp0aVA==",
      "dev": true,
      "requires": {
        "browserslist": "^4.28.8",
        "cssnano-utils": "^6.0.4",
        "postcss-calc": "^10.1.1",
        "postcss-colormin": "^8.0.5",
        "postcss-convert-values": "^8.0.4",
        "postcss-discard-comments": "^8.0.4",
        "postcss-discard-duplicates": "^8.0.4",
        "postcss-discard-empty": "^8.0.5",
        "postcss-discard-overridden": "^8.0.4",
        "postcss-merge-longhand": "^8.0.4",
        "postcss-merge-rules": "^8.0.5",
        "postcss-minify-font-values": "^8.0.4",
        "postcss-minify-gradients": "^8.0.6",
        "postcss-minify-params": "^8.0.4",
        "postcss-minify-selectors": "^8.0.5",
        "postcss-normalize-charset": "^8.0.5",
        "postcss-normalize-display-values": "^8.0.4",
        "postcss-normalize-positions": "^8.0.4",
        "postcss-normalize-repeat-style": "^8.0.4",
        "postcss-normalize-string": "^8.0.4",
        "postcss-normalize-timing-functions": "^8.0.4",
        "postcss-normalize-unicode": "^8.0.4",
        "postcss-normalize-url": "^8.0.4",
        "postcss-normalize-whitespace": "^8.0.5",
        "postcss-ordered-values": "^8.0.5",
        "postcss-reduce-initial": "^8.0.5",
        "postcss-reduce-transforms": "^8.0.4",
        "postcss-svgo": "^8.0.6",
        "postcss-unique-selectors": "^8.0.4"
      }
    },
    "cssnano-utils": {
      "version": "6.0.4",
      "resolved": "https://registry.npmjs.org/cssnano-utils/-/cssnano-utils-6.0.4.tgz",
      "integrity": "sha512-j1z2mW4MqtcGM4I8TxXAdOXUifp1DZ5/bZnyYnCpHlzQ/ilCj2voLxE0aqEKnBDA5hF6HahSY13JU8kyZ1s8Mg==",
      "dev": true
    },
    "csso": {
      "version": "5.0.5",
      "resolved": "https://registry.npmjs.org/csso/-/csso-5.0.5.tgz",
      "integrity": "sha512-0LrrStPOdJj+SPCCrGhzryycLjwcgUSHBtxNA8aIDxf0GLsRh1cKYhB00Gd1lDOS4yGH69+SNn13+TWbVHETFQ==",
      "dev": true,
      "requires": {
        "css-tree": "~2.2.0"
      },
      "dependencies": {
        "css-tree": {
          "version": "2.2.1",
          "resolved": "https://registry.npmjs.org/css-tree/-/css-tree-2.2.1.tgz",
          "integrity": "sha512-OA0mILzGc1kCOCSJerOeqDxDQ4HOh+G8NbOJFOTgOCzpw7fCBubk0fEyxp8AgOL/jvLgYA/uV0cMbe43ElF1JA==",
          "dev": true,
          "requires": {
            "mdn-data": "2.0.28",
            "source-map-js": "^1.0.1"
          }
        },
        "mdn-data": {
          "version": "2.0.28",
          "resolved": "https://registry.npmjs.org/mdn-data/-/mdn-data-2.0.28.tgz",
          "integrity": "sha512-aylIc7Z9y4yzHYAJNuESG3hfhC+0Ibp/MAMiaOZgNv4pmEdFyfZhhhny4MNiAfWdBQ1RQ2mfDWmM1x8SvGyp8g==",
          "dev": true
        }
      }
    },
    "dom-serializer": {
      "version": "2.0.0",
      "resolved": "https://registry.npmjs.org/dom-serializer/-/dom-serializer-2.0.0.tgz",
      "integrity": "sha512-wIkAryiqt/nV5EQKqQpo3SToSOV9J0DnbJqwK7Wv/Trc92zIAYZ4FlMu+JPFW1DfGFt81ZTCGgDEabffXeLyJg==",
      "dev": true,
      "requires": {
        "domelementtype": "^2.3.0",
        "domhandler": "^5.0.2",
        "entities": "^4.2.0"
      }
    },
    "domelementtype": {
      "version": "2.3.0",
      "resolved": "https://registry.npmjs.org/domelementtype/-/domelementtype-2.3.0.tgz",
      "integrity": "sha512-OLETBj6w0OsagBwdXnPdN0cnMfF9opN69co+7ZrbfPGrdpPVNBUj02spi6B1N7wChLQiPn4CSH/zJvXw56gmHw==",
      "dev": true
    },
    "domhandler": {
      "version": "5.0.3",
      "resolved": "https://registry.npmjs.org/domhandler/-/domhandler-5.0.3.tgz",
      "integrity": "sha512-cgwlv/1iFQiFnU96XXgROh8xTeetsnJiDsTc7TYCLFd9+/WNkIqPTxiM/8pSd8VIrhXGTf1Ny1q1hquVqDJB5w==",
      "dev": true,
      "requires": {
        "domelementtype": "^2.3.0"
      }
    },
    "domutils": {
      "version": "3.2.2",
      "resolved": "https://registry.npmjs.org/domutils/-/domutils-3.2.2.tgz",
      "integrity": "sha512-6kZKyUajlDuqlHKVX1w7gyslj9MPIXzIFiz/rGu35uC1wMi+kMhQwGhl4lt9unC9Vb9INnY9Z3/ZA3+FhASLaw==",
      "dev": true,
      "requires": {
        "dom-serializer": "^2.0.0",
        "domelementtype": "^2.3.0",
        "domhandler": "^5.0.3"
      }
    },
    "electron-to-chromium": {
      "version": "1.5.415",
      "resolved": "https://registry.npmjs.org/electron-to-chromium/-/electron-to-chromium-1.5.415.tgz",
      "integrity": "sha512-958V+Kbhtgz+SxXeEVKBjrlKRBIDAYvUJfwhjxMZ5S6ut9jAl7l9ZKBkBrvjyjZE36PabLUo2L8kEeV5O4vgJg==",
      "dev": true
    },
    "entities": {
      "version": "4.5.0",
      "resolved": "https://registry.npmjs.org/entities/-/entities-4.5.0.tgz",
      "integrity": "sha512-V0hjH4dGPh9Ao5p0MoRY6BVqtwCjhz6vI5LT8AJ55H+4g9/4vbHx1I54fS0XuclLhDHArPQCiMjDxjaL8fPxhw==",
      "dev": true
    },
    "escalade": {
      "version": "3.2.0",
      "resolved": "https://registry.npmjs.org/escalade/-/escalade-3.2.0.tgz",
      "integrity": "sha512-WUj2qlxaQtO4g6Pq5c29GTcWGDyd8itL8zTlipgECz3JesAiiOKotd8JU6otB3PACgG6xkJUyVhboMS+bje/jA==",
      "dev": true
    },
    "fsevents": {
      "version": "2.3.2",
      "resolved": "https://registry.npmjs.org/fsevents/-/fsevents-2.3.2.tgz",
      "integrity": "sha512-xiqMQR4xAeHTuB9uWm+fFRcIOgKBMiOBP+eXiyT7jsgVCq1bkVygt00oASowB7EdtpOHaaPgKt812P9ab+DDKA==",
      "dev": true,
      "optional": true
    },
    "lilconfig": {
      "version": "3.1.3",
      "resolved": "https://registry.npmjs.org/lilconfig/-/lilconfig-3.1.3.tgz",
      "integrity": "sha512-/vlFKAoH5Cgt3Ie+JLhRbwOsCQePABiU3tJ1egGvyQ+33R/vcwM2Zl2QR/LzjsBeItPt3oSVXapn+m4nQDvpzw==",
      "dev": true
    },
    "mdn-data": {
      "version": "2.27.1",
      "resolved": "https://registry.npmjs.org/mdn-data/-/mdn-data-2.27.1.tgz",
      "integrity": "sha512-9Yubnt3e8A0OKwxYSXyhLymGW4sCufcLG6VdiDdUGVkPhpqLxlvP5vl1983gQjJl3tqbrM731mjaZaP68AgosQ==",
      "dev": true
    },
    "node-releases": {
      "version": "2.0.53",
      "resolved": "https://registry.npmjs.org/node-releases/-/node-releases-2.0.53.tgz",
      "integrity": "sha512-D9UOmYG3UH1V+ENW56t5QXBwJw1YEY18ruVeus89Rw+SyIgjPkCO84bRzO3uNIYosJbNwiabWVn48o3uJLjxFQ==",
      "dev": true
    },
    "nth-check": {
      "version": "2.1.1",
      "resolved": "https://registry.npmjs.org/nth-check/-/nth-check-2.1.1.tgz",
      "integrity": "sha512-lqjrjmaOoAnWfMmBPL+XNnynZh2+swxiX3WUE0s4yEHI6m+AwrK2UZOimIRl3X/4QctVqS8AiZjFqyOGrMXb/w==",
      "dev": true,
      "requires": {
        "boolbase": "^1.0.0"
      }
    },
    "picocolors": {
      "version": "1.1.1",
      "resolved": "https://registry.npmjs.org/picocolors/-/picocolors-1.1.1.tgz",
      "integrity": "sha512-xceH2snhtb5M9liqDsmEw56le376mTZkEX/jEb/RxNFyegNul7eNslCXP9FDj/Lcu0X8KEyMceP2ntpaHrDEVA==",
      "dev": true
    },
    "postcss-calc": {
      "version": "10.1.1",
      "resolved": "https://registry.npmjs.org/postcss-calc/-/postcss-calc-10.1.1.tgz",
      "integrity": "sha512-NYEsLHh8DgG/PRH2+G9BTuUdtf9ViS+vdoQ0YA5OQdGsfN4ztiwtDWNtBl9EKeqNMFnIu8IKZ0cLxEQ5r5KVMw==",
      "dev": true,
      "requires": {
        "postcss-selector-parser": "^7.0.0",
        "postcss-value-parser": "^4.2.0"
      }
    },
    "postcss-colormin": {
      "version": "8.0.5",
      "resolved": "https://registry.npmjs.org/postcss-colormin/-/postcss-colormin-8.0.5.tgz",
      "integrity": "sha512-U/N+7tkHgHoD24NB6q9k9uFcRfVJRdzVSit0fM0T2L6fvnpUoTIAYgzkyjD56LHEoCoPNfkMcfTB47SW/lNegQ==",
      "dev": true,
      "requires": {
        "@colordx/core": "^5.6.0",
        "browserslist": "^4.28.8",
        "caniuse-api": "^4.0.0",
        "postcss-value-parser": "^4.2.0"
      }
    },
    "postcss-convert-values": {
      "version": "8.0.4",
      "resolved": "https://registry.npmjs.org/postcss-convert-values/-/postcss-convert-values-8.0.4.tgz",
      "integrity": "sha512-ifBmAJBfpDymi7r/CqxYRJWlG+BLdVmusUC/kFPOqH/+TitdBeHA68CYqY79wXL+iQnqg6e4LGHA2Mte14X6Ig==",
      "dev": true,
      "requires": {
        "browserslist": "^4.28.8",
        "postcss-value-parser": "^4.2.0"
      }
    },
    "postcss-discard-comments": {
      "version": "8.0.4",
      "resolved": "https://registry.npmjs.org/postcss-discard-comments/-/postcss-discard-comments-8.0.4.tgz",
      "integrity": "sha512-SU1uLYRQPKLJJmqEmqzu+Ze+9xDurBm7m/LOzXG/ANBAfAGLjbQF+oIyZnf3jV3F155q5rRMYXsoTNEJsPyHng==",
      "dev": true,
      "requires": {
        "postcss-selector-parser": "^7.1.5"
      }
    },
    "postcss-discard-duplicates": {
      "version": "8.0.4",
      "resolved": "https://registry.npmjs.org/postcss-discard-duplicates/-/postcss-discard-duplicates-8.0.4.tgz",
      "integrity": "sha512-/ugMYYTE+IpHpTmwz6/S8w+blCz9pZNroUgadTdlbPnHoLLWis9QvwmoyWui2mOgFzuRM6Me7AnoGU3i0Ua2ng==",
      "dev": true
    },
    "postcss-discard-empty": {
      "version": "8.0.5",
      "resolved": "https://registry.npmjs.org/postcss-discard-empty/-/postcss-discard-empty-8.0.5.tgz",
      "integrity": "sha512-im0QtfNFa6V3SGPrfqzrWYuhzSz1ztWORKsuhZHQbWdKMh0DiNj3pmqBnABbhdKjyeW6nZ1oZYGh4dMc3biyaw==",
      "dev": true
    },
    "postcss-discard-overridden": {
      "version": "8.0.4",
      "resolved": "https://registry.npmjs.org/postcss-discard-overridden/-/postcss-discard-overridden-8.0.4.tgz",
      "integrity": "sha512-NqupxmnSSfWPJJDYbQk1qXWRwr+lw4Kyp/LSOjqwTpy/vSwo34EVXYKywgemSWpgh39P7Cs/G+tqynbRlXoJhw==",
      "dev": true
    },
    "postcss-merge-longhand": {
      "version": "8.0.4",
      "resolved": "https://registry.npmjs.org/postcss-merge-longhand/-/postcss-merge-longhand-8.0.4.tgz",
      "integrity": "sha512-ammolHhMvuTz/L9YN/ge1SWbUDcD3Y9o2gXlo3S6H4MCJHheyVPwcI/LAnSuNT4gcUmSF9pNTXo7+3M/2MFPAQ==",
      "dev": true,
      "requires": {
        "postcss-value-parser": "^4.2.0",
        "stylehacks": "^8.0.4"
      }
    },
    "postcss-merge-rules": {
      "version": "8.0.5",
      "resolved": "https://registry.npmjs.org/postcss-merge-rules/-/postcss-merge-rules-8.0.5.tgz",
      "integrity": "sha512-jz+QaKz4VhjsqTVsJMRuH+EvrX1F9l6kYFuF8g6geVxFoYnPEZN4G+zqCb6zhxOIcc2aeAo38XEl2pOIZi2gBw==",
      "dev": true,
      "requires": {
        "browserslist": "^4.28.8",
        "caniuse-api": "^4.0.0",
        "cssnano-utils": "^6.0.4",
        "postcss-selector-parser": "^7.1.5"
      }
    },
    "postcss-minify-font-values": {
      "version": "8.0.4",
      "resolved": "https://registry.npmjs.org/postcss-minify-font-values/-/postcss-minify-font-values-8.0.4.tgz",
      "integrity": "sha512-wZZgJ87U5WbQCEM0EOY/oM7M1a+sqW6vrOClGC9lNbsY0HYmbMFvFuukBn8PzF+ikKmaT0QB+uSAHTRLzMkD+A==",
      "dev": true,
      "requires": {
        "postcss-value-parser": "^4.2.0"
      }
    },
    "postcss-minify-gradients": {
      "version": "8.0.6",
      "resolved": "https://registry.npmjs.org/postcss-minify-gradients/-/postcss-minify-gradients-8.0.6.tgz",
      "integrity": "sha512-NsqlG34WSO44NOHVT6m6ZWpN80fK2l5Zt73PMDXBJKT6fO6GPnI0NBi6xIVFr/naej3ukVUlIFQGxb7JGaa9Zg==",
      "dev": true,
      "requires": {
        "@colordx/core": "^5.6.0",
        "cssnano-utils": "^6.0.4",
        "postcss-value-parser": "^4.2.0"
      }
    },
    "postcss-minify-params": {
      "version": "8.0.4",
      "resolved": "https://registry.npmjs.org/postcss-minify-params/-/postcss-minify-params-8.0.4.tgz",
      "integrity": "sha512-TDx9O/ni7KazRK32pVvoo3MjExyVxWE0949vB2XZ0oHnxdAtQFHa9oG21wWkvsOL3osjiOVejwDLe6a0d0EuSw==",
      "dev": true,
      "requires": {
        "browserslist": "^4.28.8",
        "cssnano-utils": "^6.0.4",
        "postcss-value-parser": "^4.2.0"
      }
    },
    "postcss-minify-selectors": {
      "version": "8.0.5",
      "resolved": "https://registry.npmjs.org/postcss-minify-selectors/-/postcss-minify-selectors-8.0.5.tgz",
      "integrity": "sha512-i+PlhVCaPa7xevjhpActH2PrP27kDNSuuFf/ZGk8YrIcd1pd3Mfcfiv8H7dbY1/vz7U+QparioAtJaFV+IEwQg==",
      "dev": true,
      "requires": {
        "browserslist": "^4.28.8",
        "caniuse-api": "^4.0.0",
        "cssesc": "^3.0.0",
        "postcss-selector-parser": "^7.1.5"
      }
    },
    "postcss-normalize-charset": {
      "version": "8.0.5",
      "resolved": "https://registry.npmjs.org/postcss-normalize-charset/-/postcss-normalize-charset-8.0.5.tgz",
      "integrity": "sha512-l0L1rIe9YHbLaf4xfL2pkkQV3gq/QIy8D0bjsaHYdGVgR+eQk7IBp3dUdIKe6XuG7DzFiCwJn248nvAFAi5CjA==",
      "dev": true
    },
    "postcss-normalize-display-values": {
      "version": "8.0.4",
      "resolved": "https://registry.npmjs.org/postcss-normalize-display-values/-/postcss-normalize-display-values-8.0.4.tgz",
      "integrity": "sha512-F8DGtzelJDV6S5mhcugc+EJ8sXI+kFv2PBedkfMWqd8mvTE4qyy3kva6AQwjy2+L2lZ9TGTkSumdq+n3EhGeAw==",
      "dev": true,
      "requires": {
        "postcss-value-parser": "^4.2.0"
      }
    },
    "postcss-normalize-positions": {
      "version": "8.0.4",
      "resolved": "https://registry.npmjs.org/postcss-normalize-positions/-/postcss-normalize-positions-8.0.4.tgz",
      "integrity": "sha512-anOMhqe6Z0OP4jvchK1v1hIG08kO7rsp8uHrxT2+XaKp8wbvVcUO3QHUzRmQDazWUPtRzy1h2UlixyJenF42sg==",
      "dev": true,
      "requires": {
        "postcss-value-parser": "^4.2.0"
      }
    },
    "postcss-normalize-repeat-style": {
      "version": "8.0.4",
      "resolved": "https://registry.npmjs.org/postcss-normalize-repeat-style/-/postcss-normalize-repeat-style-8.0.4.tgz",
      "integrity": "sha512-vY8+k+/bFT7B8gzlHVye8FxBTMEpUAQxAgb4UYFAGGsKmXfwEvc7VPs+kpFNrTeqVKAvVh8+VVhZ+f3S4TWJPg==",
      "dev": true,
      "requires": {
        "postcss-value-parser": "^4.2.0"
      }
    },
    "postcss-normalize-string": {
      "version": "8.0.4",
      "resolved": "https://registry.npmjs.org/postcss-normalize-string/-/postcss-normalize-string-8.0.4.tgz",
      "integrity": "sha512-dWnV1frIV1XUlSYzJudceAbQ7PGyho9EgVHQXMcAoog6Nwnet3G9rz8IXcCb0EF2eefmpYG9hDT9+yWJOxc5zw==",
      "dev": true,
      "requires": {
        "postcss-value-parser": "^4.2.0"
      }
    },
    "postcss-normalize-timing-functions": {
      "version": "8.0.4",
      "resolved": "https://registry.npmjs.org/postcss-normalize-timing-functions/-/postcss-normalize-timing-functions-8.0.4.tgz",
      "integrity": "sha512-VANJsokAWdQ03ZJwmcdEKXJjVHRtMgalB/BgbCgN3CRTdbwB5TXlSDRmdShSCxpnZs8WLAm0mPa//p5o5D/ZTg==",
      "dev": true,
      "requires": {
        "postcss-value-parser": "^4.2.0"
      }
    },
    "postcss-normalize-unicode": {
      "version": "8.0.4",
      "resolved": "https://registry.npmjs.org/postcss-normalize-unicode/-/postcss-normalize-unicode-8.0.4.tgz",
      "integrity": "sha512-SxVEoFdYed0bxxwZwAXnaAZ2lzNb5jtiQvYWyMIEqnGOzCuztWpVO8LvsqpOfUIacOb6oYaWi7WOAZR36OhYqw==",
      "dev": true,
      "requires": {
        "browserslist": "^4.28.8",
        "postcss-value-parser": "^4.2.0"
      }
    },
    "postcss-normalize-url": {
      "version": "8.0.4",
      "resolved": "https://registry.npmjs.org/postcss-normalize-url/-/postcss-normalize-url-8.0.4.tgz",
      "integrity": "sha512-JKZW8KRHkLEYkUb/55n3knDUMZeyvxlTv7ZA82bcHiCjL81b0Yyf9fIUBAYKZ6ucDgKfCDM78xhXuteVlk/o9Q==",
      "dev": true,
      "requires": {
        "postcss-value-parser": "^4.2.0"
      }
    },
    "postcss-normalize-whitespace": {
      "version": "8.0.5",
      "resolved": "https://registry.npmjs.org/postcss-normalize-whitespace/-/postcss-normalize-whitespace-8.0.5.tgz",
      "integrity": "sha512-xuFovful3vVIA9fWWmAL2pG1Qr95Udj2MrLgjU50C6r+Xnh3s6t2BN1xXQ8lnCOCAtzMvMpPWYlnAh4nSv5VEQ==",
      "dev": true,
      "requires": {
        "postcss-value-parser": "^4.2.0"
      }
    },
    "postcss-ordered-values": {
      "version": "8.0.5",
      "resolved": "https://registry.npmjs.org/postcss-ordered-values/-/postcss-ordered-values-8.0.5.tgz",
      "integrity": "sha512-aDL7nPR7w1foUqo4rN6QY1Kr45+SYELnmUg5taZehh7FfFdxQmUjbuOOBuffIXjiHV45zqgFHCb4azsWW19jyw==",
      "dev": true,
      "requires": {
        "cssnano-utils": "^6.0.4",
        "postcss-value-parser": "^4.2.0"
      }
    },
    "postcss-reduce-initial": {
      "version": "8.0.5",
      "resolved": "https://registry.npmjs.org/postcss-reduce-initial/-/postcss-reduce-initial-8.0.5.tgz",
      "integrity": "sha512-Bh5d7zjH1Ai9LzJ1qULUZIaC18cniD+wA6gFlOPglMxJRC7meXbuPvpJ/zHQGg5QKwQgit++XQhDTiEIhCk8Ow==",
      "dev": true,
      "requires": {
        "browserslist": "^4.28.8",
        "caniuse-api": "^4.0.0"
      }
    },
    "postcss-reduce-transforms": {
      "version": "8.0.4",
      "resolved": "https://registry.npmjs.org/postcss-reduce-transforms/-/postcss-reduce-transforms-8.0.4.tgz",
      "integrity": "sha512-ZGU7/R0GmjE3x2mOGB0g9Ohx74X+JjYX62RB5IBYLOe6R0fuHGZ76HtTY2CdM5NE8Yey/ew5clEf8iZQnjDjWA==",
      "dev": true,
      "requires": {
        "postcss-value-parser": "^4.2.0"
      }
    },
    "postcss-selector-parser": {
      "version": "7.1.5",
      "resolved": "https://registry.npmjs.org/postcss-selector-parser/-/postcss-selector-parser-7.1.5.tgz",
      "integrity": "sha512-KvvtD7SrlBP7dlgkBghEE3r84CABm5SmV2aNcG4oCA+qDnJ/tvKonFVvwWAyyWUEwxuNawdfEAZKP9zM3oZ2Uw==",
      "dev": true,
      "requires": {
        "cssesc": "^3.0.0",
        "util-deprecate": "^1.0.2"
      }
    },
    "postcss-svgo": {
      "version": "8.0.6",
      "resolved": "https://registry.npmjs.org/postcss-svgo/-/postcss-svgo-8.0.6.tgz",
      "integrity": "sha512-auQHNmduFFHzz1sWYM3sroW7IDMzxshlLjnwAALfkrAgPegHFats+jMK6BRCcdIulxPmqXFSQvgoAX4vw8I59g==",
      "dev": true,
      "requires": {
        "postcss-value-parser": "^4.2.0",
        "svgo": "^4.1.0"
      }
    },
    "postcss-unique-selectors": {
      "version": "8.0.4",
      "resolved": "https://registry.npmjs.org/postcss-unique-selectors/-/postcss-unique-selectors-8.0.4.tgz",
      "integrity": "sha512-Sby0EtmD1mlvcZSWP5eXjxhxVgvXE5QVRzd+8NH0IbF+lYQIM57ybwAvJYYtI/fexMgCWcRnDETovjKOcLJb8w==",
      "dev": true,
      "requires": {
        "postcss-selector-parser": "^7.1.5"
      }
    },
    "postcss-value-parser": {
      "version": "4.2.0",
      "resolved": "https://registry.npmjs.org/postcss-value-parser/-/postcss-value-parser-4.2.0.tgz",
      "integrity": "sha512-1NNCs6uurfkVbeXG4S8JFT9t19m45ICnif8zWLd5oPSZ50QnwMfK+H3jv408d4jw/7Bttv5axS5IiHoLaVNHeQ==",
      "dev": true
    },
    "rollup": {
      "version": "3.23.0",
      "resolved": "https://registry.npmjs.org/rollup/-/rollup-3.23.0.tgz",
      "integrity": "sha512-h31UlwEi7FHihLe1zbk+3Q7z1k/84rb9BSwmBSr/XjOCEaBJ2YyedQDuM0t/kfOS0IxM+vk1/zI9XxYj9V+NJQ==",
      "dev": true,
      "requires": {
        "fsevents": "~2.3.2"
      }
    },
    "sax": {
      "version": "1.6.1",
      "resolved": "https://registry.npmjs.org/sax/-/sax-1.6.1.tgz",
      "integrity": "sha512-42tBVwLWnaQvW5zc4HbZrTuWccECCZfBi92FDuwtqxasH+JbPB3/FOKb1m222K42R4WxuxzzMsTswfzgtSu64Q==",
      "dev": true
    },
    "source-map-js": {
      "version": "1.2.1",
      "resolved": "https://registry.npmjs.org/source-map-js/-/source-map-js-1.2.1.tgz",
      "integrity": "sha512-UXWMKhLOwVKb728IUtQPXxfYU+usdybtUrK/8uGE8CQMvrhOpwvzDBwj0QhSL7MQc7vIsISBG8VQ8+IDQxpfQA==",
      "dev": true
    },
    "stylehacks": {
      "version": "8.0.4",
      "resolved": "https://registry.npmjs.org/stylehacks/-/stylehacks-8.0.4.tgz",
      "integrity": "sha512-irgZeyYBFVkb8k7yTRQ9No/bTniTGqzptGVMG1/Mj3N2YnI8nIozzY1pcok4i01NfrCSqvc0PdQB6O6kr6dJHw==",
      "dev": true,
      "requires": {
        "browserslist": "^4.28.8",
        "postcss-selector-parser": "^7.1.5"
      }
    },
    "svgo": {
      "version": "4.1.0",
      "resolved": "https://registry.npmjs.org/svgo/-/svgo-4.1.0.tgz",
      "integrity": "sha512-bkxnTg1kSU0guhIBmibA6UUhrQmPVA1XsQLN+ylCd+UWzbnLkySOcXpyk1mrl05f+pcaCx2eHb+sp6BgMZWX+Q==",
      "dev": true,
      "requires": {
        "commander": "^11.1.0",
        "css-select": "^6.0.0",
        "css-tree": "^3.0.1",
        "css-what": "^7.0.0",
        "csso": "^5.0.5",
        "picocolors": "^1.1.1",
        "sax": "1.6.1"
      }
    },
    "typescript": {
      "version": "5.1.3",
      "resolved": "https://registry.npmjs.org/typescript/-/typescript-5.1.3.tgz",
      "integrity": "sha512-XH627E9vkeqhlZFQuL+UsyAXEnibT0kWR2FWONlr4sTjvxyJYnyefgrkyECLzM5NenmKzRAy2rR/OlYLA1HkZw==",
      "dev": true
    },
    "update-browserslist-db": {
      "version": "1.3.1",
      "resolved": "https://registry.npmjs.org/update-browserslist-db/-/update-browserslist-db-1.3.1.tgz",
      "integrity": "sha512-ZZ61DsRsOnakl74HAmp3oSN4aXUmEWXf+i/yv0h7tIBfICc3VdrFErQKUUKPgu3AMsTUMbcongALEN4l6GSUrQ==",
      "dev": true,
      "requires": {
        "escalade": "^3.2.0",
        "picocolors": "^1.1.1"
      }
    },
    "util-deprecate": {
      "version": "1.0.2",
      "resolved": "https://registry.npmjs.org/util-deprecate/-/util-deprecate-1.0.2.tgz",
      "integrity": "sha512-EPD5q1uXyFxJpCrLnCc1nHnq3gOa6DZBocAIiI2TaSCA7VCJ1UJDMagCzIkXNsUYfD1daK//LTEQ8xiIbrHtcw==",
      "dev": true
    }
  }
}
