{
  "name": "animate-uri",
  "version": "1.3.0",
  "lockfileVersion": 1,
  "requires": true,
  "dependencies": {
    "@colordx/core": {
      "version": "7.3.0",
      "resolved": "https://registry.npmjs.org/@colordx/core/-/core-7.3.0.tgz",
      "integrity": "sha512-LVzTTPhX7wpy7TkGjouA9zbbCBIw92RGm7ZQqSKFE0oYE3sMx2FGXz90eVpgw7k/+wrrY+qJ86nHXifZWMS5jA==",
      "dev": true
    },
    "@csstools/css-tokenizer": {
      "version": "4.0.2",
      "resolved": "https://registry.npmjs.org/@csstools/css-tokenizer/-/css-tokenizer-4.0.2.tgz",
      "integrity": "sha512-OoKoR0f76dCY666JlcbhmVTs2drYj1GUXZTYTcbUgJjh9Nv41aFfZ21bPQTERm5+L5cBDo466NltB2lplS5GBw==",
      "dev": true
    },
    "baseline-browser-mapping": {
      "version": "2.11.28",
      "resolved": "https://registry.npmjs.org/baseline-browser-mapping/-/baseline-browser-mapping-2.11.28.tgz",
      "integrity": "sha512-br0LOmjJqr6Rt4AEkadbcNf67Zpo7EPwKsWbjnRrJIa1QYFHQBqM4C7F2WTbV8ahTEcg1Eo+Y0aWjjORInYFyA==",
      "dev": true
    },
    "boolbase": {
      "version": "1.0.0",
      "resolved": "https://registry.npmjs.org/boolbase/-/boolbase-1.0.0.tgz",
      "integrity": "sha512-JZOSA7Mo9sNGB8+UjSgzdLtokWAky1zbztM3WRLCbZ70/3cTANmQmOdR7y2g+J0e2WXywy1yS468tY+IruqEww==",
      "dev": true
    },
    "browserslist": {
      "version": "4.29.3",
      "resolved": "https://registry.npmjs.org/browserslist/-/browserslist-4.29.3.tgz",
      "integrity": "sha512-1R4kiYKXGViqEN0CnoDrXc1StD9niAwu+j2dukWzrD4bJgsD4lDmEp0CRbc6E/vYJIfTHwPmwyaKtVSudICdPA==",
      "dev": true,
      "requires": {
        "baseline-browser-mapping": "^2.11.26",
        "caniuse-lite": "^1.0.30001813",
        "electron-to-chromium": "^1.5.439",
        "node-releases": "^2.0.57",
        "update-browserslist-db": "^1.3.3"
      }
    },
    "caniuse-api": {
      "version": "4.0.0",
      "resolved": "https://registry.npmjs.org/caniuse-api/-/caniuse-api-4.0.0.tgz",
      "integrity": "sha512-B0hQ1OLyJuHTQSOWXvwibWqM6DCoqJdvBA6X1S/53bd4XU7LJ1yurIPlrsouol3mw1jh9pGI4ivubSpmJeIqCA==",
      "dev": true,
      "requires": {
        "browserslist": "^4.0.0",
        "caniuse-lite": "^1.0.0"
      }
    },
    "caniuse-lite": {
      "version": "1.0.30001815",
      "resolved": "https://registry.npmjs.org/caniuse-lite/-/caniuse-lite-1.0.30001815.tgz",
      "integrity": "sha512-uDybUEyfgbyJJ93J1vikTylBX31AkdVYeVPeffMQpf8XN7hSfr0oZOn4VFOIMNvtU5+rHvC5Udg2TgtJKHm23Q==",
      "dev": true
    },
    "commander": {
      "version": "11.1.0",
      "resolved": "https://registry.npmjs.org/commander/-/commander-11.1.0.tgz",
      "integrity": "sha512-yPVavfyCcRhmorC7rWlkHn15b4wDVgVmBA7kV4QVBsF7kv/9TKJAbAXVTxvTnwP8HHKjRCJDClKbciiYS7p0DQ==",
      "dev": true
    },
    "css-select": {
      "version": "6.0.0",
      "resolved": "https://registry.npmjs.org/css-select/-/css-select-6.0.0.tgz",
      "integrity": "sha512-rZZVSLle8v0+EY8QAkDWrKhpgt6SA5OtHsgBnsj6ZaLb5dmDVOWUDtQitd9ydxxvEjhewNudS6eTVU7uOyzvXw==",
      "dev": true,
      "requires": {
        "boolbase": "^1.0.0",
        "css-what": "^7.0.0",
        "domhandler": "^5.0.3",
        "domutils": "^3.2.2",
        "nth-check": "^2.1.1"
      }
    },
    "css-tree": {
      "version": "3.2.1",
      "resolved": "https://registry.npmjs.org/css-tree/-/css-tree-3.2.1.tgz",
      "integrity": "sha512-X7sjQzceUhu1u7Y/ylrRZFU2FS6LRiFVp6rKLPg23y3x3c3DOKAwuXGDp+PAGjh6CSnCjYeAul8pcT8bAl+lSA==",
      "dev": true,
      "requires": {
        "mdn-data": "2.27.1",
        "source-map-js": "^1.2.1"
      }
    },
    "css-what": {
      "version": "7.0.0",
      "resolved": "https://registry.npmjs.org/css-what/-/css-what-7.0.0.tgz",
      "integrity": "sha512-wD5oz5xibMOPHzy13CyGmogB3phdvcDaB5t0W/Nr5Z2O/agcB8YwOz6e2Lsp10pNDzBoDO9nVa3RGs/2BttpHQ==",
      "dev": true
    },
    "cssesc": {
      "version": "3.0.0",
      "resolved": "https://registry.npmjs.org/cssesc/-/cssesc-3.0.0.tgz",
      "integrity": "sha512-/Tb/JcjK111nNScGob5MNtsntNM1aCNUDipB/TkwZFhyDrrE47SOx/18wF2bbjgc3ZzCSKW1T5nt5EbFoAz/Vg==",
      "dev": true
    },
    "cssnano": {
      "version": "9.5.0",
      "resolved": "https://registry.npmjs.org/cssnano/-/cssnano-9.5.0.tgz",
      "integrity": "sha512-PlL7BWzHLWAgOyK9dohMmi0g4TwmsCwc3oxLsxa8S1UMaXLawaP0yle0/8X6nKC/ojk7vE38meARlwz7/Q5BAQ==",
      "dev": true,
      "requires": {
        "cssnano-preset-default": "^9.5.0"
      }
    },
    "cssnano-preset-default": {
      "version": "9.5.0",
      "resolved": "https://registry.npmjs.org/cssnano-preset-default/-/cssnano-preset-default-9.5.0.tgz",
      "integrity": "sha512-gubPgjwbJLttmWV5LuRn2HBJ1a84XNXqEsEj1gZ57rqyMzo/c96BZ6BdybyrrI2AwUfWNFcrxG2ZKPEcvUlvNw==",
      "dev": true,
      "requires": {
        "browserslist": "^4.29.3",
        "cssnano-utils": "^8.2.1",
        "postcss-calc": "^11.2.2",
        "postcss-colormin": "^9.0.7",
        "postcss-convert-values": "^9.0.8",
        "postcss-discard-comments": "^9.0.7",
        "postcss-discard-duplicates": "^9.0.6",
        "postcss-discard-empty": "^9.0.7",
        "postcss-discard-overridden": "^9.0.6",
        "postcss-merge-longhand": "^9.3.0",
        "postcss-merge-rules": "^9.1.3",
        "postcss-minify-font-values": "^9.0.8",
        "postcss-minify-gradients": "^9.0.7",
        "postcss-minify-params": "^9.0.7",
        "postcss-minify-selectors": "^9.0.7",
        "postcss-normalize-charset": "^9.0.6",
        "postcss-normalize-display-values": "^9.0.6",
        "postcss-normalize-positions": "^9.0.7",
        "postcss-normalize-repeat-style": "^9.0.6",
        "postcss-normalize-string": "^9.0.6",
        "postcss-normalize-timing-functions": "^9.0.6",
        "postcss-normalize-unicode": "^9.1.0",
        "postcss-normalize-url": "^9.0.6",
        "postcss-normalize-whitespace": "^9.0.7",
        "postcss-ordered-values": "^9.0.8",
        "postcss-reduce-initial": "^9.0.7",
        "postcss-reduce-transforms": "^9.0.5",
        "postcss-svgo": "^9.0.5",
        "postcss-unique-selectors": "^9.0.6"
      }
    },
    "cssnano-utils": {
      "version": "8.2.1",
      "resolved": "https://registry.npmjs.org/cssnano-utils/-/cssnano-utils-8.2.1.tgz",
      "integrity": "sha512-ZdZOIbZdO6bDQbRAEdZKsWuaRD00sAltCSkSx0ipDjAc1THTV01Lw3NVAYMrgYbb4Yz3hySIpCHi+x0qUGzohA==",
      "dev": true,
      "requires": {
        "@csstools/css-tokenizer": "^4.0.2"
      }
    },
    "csso": {
      "version": "5.0.5",
      "resolved": "https://registry.npmjs.org/csso/-/csso-5.0.5.tgz",
      "integrity": "sha512-0LrrStPOdJj+SPCCrGhzryycLjwcgUSHBtxNA8aIDxf0GLsRh1cKYhB00Gd1lDOS4yGH69+SNn13+TWbVHETFQ==",
      "dev": true,
      "requires": {
        "css-tree": "~2.2.0"
      },
      "dependencies": {
        "css-tree": {
          "version": "2.2.1",
          "resolved": "https://registry.npmjs.org/css-tree/-/css-tree-2.2.1.tgz",
          "integrity": "sha512-OA0mILzGc1kCOCSJerOeqDxDQ4HOh+G8NbOJFOTgOCzpw7fCBubk0fEyxp8AgOL/jvLgYA/uV0cMbe43ElF1JA==",
          "dev": true,
          "requires": {
            "mdn-data": "2.0.28",
            "source-map-js": "^1.0.1"
          }
        },
        "mdn-data": {
          "version": "2.0.28",
          "resolved": "https://registry.npmjs.org/mdn-data/-/mdn-data-2.0.28.tgz",
          "integrity": "sha512-aylIc7Z9y4yzHYAJNuESG3hfhC+0Ibp/MAMiaOZgNv4pmEdFyfZhhhny4MNiAfWdBQ1RQ2mfDWmM1x8SvGyp8g==",
          "dev": true
        }
      }
    },
    "dom-serializer": {
      "version": "2.0.0",
      "resolved": "https://registry.npmjs.org/dom-serializer/-/dom-serializer-2.0.0.tgz",
      "integrity": "sha512-wIkAryiqt/nV5EQKqQpo3SToSOV9J0DnbJqwK7Wv/Trc92zIAYZ4FlMu+JPFW1DfGFt81ZTCGgDEabffXeLyJg==",
      "dev": true,
      "requires": {
        "domelementtype": "^2.3.0",
        "domhandler": "^5.0.2",
        "entities": "^4.2.0"
      }
    },
    "domelementtype": {
      "version": "2.3.0",
      "resolved": "https://registry.npmjs.org/domelementtype/-/domelementtype-2.3.0.tgz",
      "integrity": "sha512-OLETBj6w0OsagBwdXnPdN0cnMfF9opN69co+7ZrbfPGrdpPVNBUj02spi6B1N7wChLQiPn4CSH/zJvXw56gmHw==",
      "dev": true
    },
    "domhandler": {
      "version": "5.0.3",
      "resolved": "https://registry.npmjs.org/domhandler/-/domhandler-5.0.3.tgz",
      "integrity": "sha512-cgwlv/1iFQiFnU96XXgROh8xTeetsnJiDsTc7TYCLFd9+/WNkIqPTxiM/8pSd8VIrhXGTf1Ny1q1hquVqDJB5w==",
      "dev": true,
      "requires": {
        "domelementtype": "^2.3.0"
      }
    },
    "domutils": {
      "version": "3.2.2",
      "resolved": "https://registry.npmjs.org/domutils/-/domutils-3.2.2.tgz",
      "integrity": "sha512-6kZKyUajlDuqlHKVX1w7gyslj9MPIXzIFiz/rGu35uC1wMi+kMhQwGhl4lt9unC9Vb9INnY9Z3/ZA3+FhASLaw==",
      "dev": true,
      "requires": {
        "dom-serializer": "^2.0.0",
        "domelementtype": "^2.3.0",
        "domhandler": "^5.0.3"
      }
    },
    "electron-to-chromium": {
      "version": "1.5.452",
      "resolved": "https://registry.npmjs.org/electron-to-chromium/-/electron-to-chromium-1.5.452.tgz",
      "integrity": "sha512-cVvk1YBSj6571VmV6hdJTqj94Y79xSu8cj6Y9t6ae4Y4431z8/7EJFvu3rVp90xhfuv9BpPKUmaLfTo4+FOGBg==",
      "dev": true
    },
    "entities": {
      "version": "4.5.0",
      "resolved": "https://registry.npmjs.org/entities/-/entities-4.5.0.tgz",
      "integrity": "sha512-V0hjH4dGPh9Ao5p0MoRY6BVqtwCjhz6vI5LT8AJ55H+4g9/4vbHx1I54fS0XuclLhDHArPQCiMjDxjaL8fPxhw==",
      "dev": true
    },
    "escalade": {
      "version": "3.2.0",
      "resolved": "https://registry.npmjs.org/escalade/-/escalade-3.2.0.tgz",
      "integrity": "sha512-WUj2qlxaQtO4g6Pq5c29GTcWGDyd8itL8zTlipgECz3JesAiiOKotd8JU6otB3PACgG6xkJUyVhboMS+bje/jA==",
      "dev": true
    },
    "fsevents": {
      "version": "2.3.2",
      "resolved": "https://registry.npmjs.org/fsevents/-/fsevents-2.3.2.tgz",
      "integrity": "sha512-xiqMQR4xAeHTuB9uWm+fFRcIOgKBMiOBP+eXiyT7jsgVCq1bkVygt00oASowB7EdtpOHaaPgKt812P9ab+DDKA==",
      "dev": true,
      "optional": true
    },
    "mdn-data": {
      "version": "2.27.1",
      "resolved": "https://registry.npmjs.org/mdn-data/-/mdn-data-2.27.1.tgz",
      "integrity": "sha512-9Yubnt3e8A0OKwxYSXyhLymGW4sCufcLG6VdiDdUGVkPhpqLxlvP5vl1983gQjJl3tqbrM731mjaZaP68AgosQ==",
      "dev": true
    },
    "node-releases": {
      "version": "2.0.58",
      "resolved": "https://registry.npmjs.org/node-releases/-/node-releases-2.0.58.tgz",
      "integrity": "sha512-BdiKAgbfRlvfMq/XzO/AF9NPmaA8a+YpLAyAFTVFBj3gARrAIfWvNq7Q7NE4se3KgFu0KkrvQMxTS0XVnsGzHg==",
      "dev": true
    },
    "nth-check": {
      "version": "2.1.1",
      "resolved": "https://registry.npmjs.org/nth-check/-/nth-check-2.1.1.tgz",
      "integrity": "sha512-lqjrjmaOoAnWfMmBPL+XNnynZh2+swxiX3WUE0s4yEHI6m+AwrK2UZOimIRl3X/4QctVqS8AiZjFqyOGrMXb/w==",
      "dev": true,
      "requires": {
        "boolbase": "^1.0.0"
      }
    },
    "picocolors": {
      "version": "1.1.1",
      "resolved": "https://registry.npmjs.org/picocolors/-/picocolors-1.1.1.tgz",
      "integrity": "sha512-xceH2snhtb5M9liqDsmEw56le376mTZkEX/jEb/RxNFyegNul7eNslCXP9FDj/Lcu0X8KEyMceP2ntpaHrDEVA==",
      "dev": true
    },
    "postcss-calc": {
      "version": "11.2.2",
      "resolved": "https://registry.npmjs.org/postcss-calc/-/postcss-calc-11.2.2.tgz",
      "integrity": "sha512-wSquceGIY20fnsXcdIYtzW0r34aoXlT6iDYpYKpgR5Ax/KCZMDteE54Z+4Ee24ryYkjnRU5F3cxvhRfNp6t5VA==",
      "dev": true,
      "requires": {
        "@csstools/css-tokenizer": "^4.0.2"
      }
    },
    "postcss-colormin": {
      "version": "9.0.7",
      "resolved": "https://registry.npmjs.org/postcss-colormin/-/postcss-colormin-9.0.7.tgz",
      "integrity": "sha512-3pQKlwdbY9gcRFC97Nc1XgoW5e7MZI9euzzb6AZEZFejnLrzucaNSqadRZSkCCnBzXbS/1ihJ9Feawn+5FrFmw==",
      "dev": true,
      "requires": {
        "@colordx/core": "^7.3.0",
        "@csstools/css-tokenizer": "^4.0.2",
        "browserslist": "^4.29.3",
        "caniuse-api": "^4.0.0",
        "cssnano-utils": "^8.2.1"
      }
    },
    "postcss-convert-values": {
      "version": "9.0.8",
      "resolved": "https://registry.npmjs.org/postcss-convert-values/-/postcss-convert-values-9.0.8.tgz",
      "integrity": "sha512-KjOiKWDlE0wjJibcn+fEvhzRpaftPbrnqldLT8FiYKXDX8x8Xiap38l0gD5kQzrkgGCoHE+CJzYecwbRk07NBQ==",
      "dev": true,
      "requires": {
        "browserslist": "^4.29.3",
        "cssnano-utils": "^8.2.1"
      }
    },
    "postcss-discard-comments": {
      "version": "9.0.7",
      "resolved": "https://registry.npmjs.org/postcss-discard-comments/-/postcss-discard-comments-9.0.7.tgz",
      "integrity": "sha512-+D9KEeLfphB8DYOkfZFvCkDK9A3vc/hKIQfAKtyDXo15+VKuYb0h2i+ehPWJdif3wImf3AZcN4SkXZ+IHDvqGg==",
      "dev": true,
      "requires": {
        "@csstools/css-tokenizer": "^4.0.2",
        "cssnano-utils": "^8.2.1"
      }
    },
    "postcss-discard-duplicates": {
      "version": "9.0.6",
      "resolved": "https://registry.npmjs.org/postcss-discard-duplicates/-/postcss-discard-duplicates-9.0.6.tgz",
      "integrity": "sha512-YPsUgxZ4OepCttAaixZQ4/VP2DE7vuf5936R+HFda+qgB+mzWNwUI+ghGendy3YLH5WDYS/BbPJbJAsjVd8Sfg==",
      "dev": true,
      "requires": {
        "cssnano-utils": "^8.2.1"
      }
    },
    "postcss-discard-empty": {
      "version": "9.0.7",
      "resolved": "https://registry.npmjs.org/postcss-discard-empty/-/postcss-discard-empty-9.0.7.tgz",
      "integrity": "sha512-+Hnvh0x+yyDg9X8g42m12M0MUvfTeeyjsJjOwXQ281sJVgD1naWUsF3ji+SmxUrCmeNOPtSgeL8LBlfyEXNTlA==",
      "dev": true,
      "requires": {
        "cssnano-utils": "^8.2.1"
      }
    },
    "postcss-discard-overridden": {
      "version": "9.0.6",
      "resolved": "https://registry.npmjs.org/postcss-discard-overridden/-/postcss-discard-overridden-9.0.6.tgz",
      "integrity": "sha512-9wT4dst0GdTpi3QWh/UP6ft1UiRhqNCfCKvyB4THpYzsHdpF7r2QduDBdeNUlVsgqaQhvzs+r43z3ZVZFequzQ==",
      "dev": true
    },
    "postcss-merge-longhand": {
      "version": "9.3.0",
      "resolved": "https://registry.npmjs.org/postcss-merge-longhand/-/postcss-merge-longhand-9.3.0.tgz",
      "integrity": "sha512-8x6X2Gv07dQPfXNY0RNg1WZsnNLJmNk66fZ4MgpznqA3YhNygtK/Vi3ZumpR0PHRc9H50v850NMTeoSPS+FLRQ==",
      "dev": true,
      "requires": {
        "@csstools/css-tokenizer": "^4.0.2",
        "browserslist": "^4.29.3",
        "cssnano-utils": "^8.2.1",
        "stylehacks": "^9.0.8"
      }
    },
    "postcss-merge-rules": {
      "version": "9.1.3",
      "resolved": "https://registry.npmjs.org/postcss-merge-rules/-/postcss-merge-rules-9.1.3.tgz",
      "integrity": "sha512-KKzmq/jC3h0wQo6s20AYw8FBcyCRDMMMP1SHozOZyfA/TSd+ECRtBgfel0Dami5Z3st3Fig3kZDHV8bcSrY35g==",
      "dev": true,
      "requires": {
        "@csstools/css-tokenizer": "^4.0.2",
        "browserslist": "^4.29.3",
        "caniuse-api": "^4.0.0",
        "cssnano-utils": "^8.2.1",
        "postcss-minify-selectors": "^9.0.7"
      }
    },
    "postcss-minify-font-values": {
      "version": "9.0.8",
      "resolved": "https://registry.npmjs.org/postcss-minify-font-values/-/postcss-minify-font-values-9.0.8.tgz",
      "integrity": "sha512-JtJTBUC7W0WQOdmyo5UlJ2i+5ZmP8+XAlkbp+yCiC/kGI9jMgQjVGBO8Rx4sQ7tl4ygrJ0EcLBXozQmwQd+jzw==",
      "dev": true,
      "requires": {
        "@csstools/css-tokenizer": "^4.0.2",
        "cssnano-utils": "^8.2.1"
      }
    },
    "postcss-minify-gradients": {
      "version": "9.0.7",
      "resolved": "https://registry.npmjs.org/postcss-minify-gradients/-/postcss-minify-gradients-9.0.7.tgz",
      "integrity": "sha512-xkbOxiCQGNFi1Cn48Mv/OVpmomEQx8st7uu5kG7TBXUC9Mi0Sy406N6iYJkhJQP64GG13LVWB4nmxlmNs3+7Wg==",
      "dev": true,
      "requires": {
        "@colordx/core": "^7.3.0",
        "@csstools/css-tokenizer": "^4.0.2",
        "cssnano-utils": "^8.2.1"
      }
    },
    "postcss-minify-params": {
      "version": "9.0.7",
      "resolved": "https://registry.npmjs.org/postcss-minify-params/-/postcss-minify-params-9.0.7.tgz",
      "integrity": "sha512-jBYKPaUr6+mosG/hnVFPmbkYB7eGosw3vOuK7K1eCihIa28jQjZVL4Su50/gA3612gHpE86DctsQXOdeqxiTqQ==",
      "dev": true,
      "requires": {
        "browserslist": "^4.29.3",
        "cssnano-utils": "^8.2.1"
      }
    },
    "postcss-minify-selectors": {
      "version": "9.0.7",
      "resolved": "https://registry.npmjs.org/postcss-minify-selectors/-/postcss-minify-selectors-9.0.7.tgz",
      "integrity": "sha512-2KWzOYuNbRXQEN1iSBljqmvHs4ZOtAJPop7Uq5OpwF8v1z92EtmcK3aZUJx4NKcoGwa1FQoPtMEvlvnOJQXRww==",
      "dev": true,
      "requires": {
        "browserslist": "^4.29.3",
        "caniuse-api": "^4.0.0",
        "cssesc": "^3.0.0",
        "cssnano-utils": "^8.2.1"
      }
    },
    "postcss-normalize-charset": {
      "version": "9.0.6",
      "resolved": "https://registry.npmjs.org/postcss-normalize-charset/-/postcss-normalize-charset-9.0.6.tgz",
      "integrity": "sha512-H336j3ofJ5nM6TLW1nbKHj3zIMtGkycfS0KetU1cmcTtTwQ0f9CvdLVZUmBja6+IO3xuqMogjkYtB91K2slshQ==",
      "dev": true
    },
    "postcss-normalize-display-values": {
      "version": "9.0.6",
      "resolved": "https://registry.npmjs.org/postcss-normalize-display-values/-/postcss-normalize-display-values-9.0.6.tgz",
      "integrity": "sha512-7NEn6H4nF+UHfjjlpr+OTJW9O9qqtcOebGM/4sHvpM5KSYOGgJcDznvwgklgeoXAyjxxkIRfKGFMB/6Hv7tH8Q==",
      "dev": true,
      "requires": {
        "@csstools/css-tokenizer": "^4.0.2",
        "cssnano-utils": "^8.2.1"
      }
    },
    "postcss-normalize-positions": {
      "version": "9.0.7",
      "resolved": "https://registry.npmjs.org/postcss-normalize-positions/-/postcss-normalize-positions-9.0.7.tgz",
      "integrity": "sha512-6VEVY9u7fhaqGydZ3rgvDfudHsHOEX3/gCTo7Csi7hssRvxjNWPqyw1aqa99ZfAgSyzF/fEZMQv5I5jLavAdVw==",
      "dev": true,
      "requires": {
        "cssnano-utils": "^8.2.1"
      }
    },
    "postcss-normalize-repeat-style": {
      "version": "9.0.6",
      "resolved": "https://registry.npmjs.org/postcss-normalize-repeat-style/-/postcss-normalize-repeat-style-9.0.6.tgz",
      "integrity": "sha512-Gcc59B9JjRpDyOe394L3oZdBMycmUB0nf60awo7fSxqyYX9vRzHaBUmNMnrhXqdzjyFXBuw7sdPaAlm+UR/h5A==",
      "dev": true,
      "requires": {
        "cssnano-utils": "^8.2.1"
      }
    },
    "postcss-normalize-string": {
      "version": "9.0.6",
      "resolved": "https://registry.npmjs.org/postcss-normalize-string/-/postcss-normalize-string-9.0.6.tgz",
      "integrity": "sha512-jhSo3E2hh9WUkJTLT6D+5hBE3f9NXgQVgG9xDcpWpAb3/mTJL5EqKWJzbvn9tHozyp2kXr5ohOaNWzSl4MClnQ==",
      "dev": true,
      "requires": {
        "@csstools/css-tokenizer": "^4.0.2"
      }
    },
    "postcss-normalize-timing-functions": {
      "version": "9.0.6",
      "resolved": "https://registry.npmjs.org/postcss-normalize-timing-functions/-/postcss-normalize-timing-functions-9.0.6.tgz",
      "integrity": "sha512-kq7Mxte8lvfJXWezPtFAYJyUe4BJi4aYIBTVPlWU7FgHL+ye/RYg325JIuddaLLCYtSZToPdXvvsFR4SRKhQMg==",
      "dev": true,
      "requires": {
        "@csstools/css-tokenizer": "^4.0.2",
        "cssnano-utils": "^8.2.1"
      }
    },
    "postcss-normalize-unicode": {
      "version": "9.1.0",
      "resolved": "https://registry.npmjs.org/postcss-normalize-unicode/-/postcss-normalize-unicode-9.1.0.tgz",
      "integrity": "sha512-RuEXyPVtC+hyqpdfCiIZSBO1x2/kgTDqWJX0srNLjTTiikwbdQAM1B57241o5tAu7zqpwPwct16ChJqYQiFlyQ==",
      "dev": true,
      "requires": {
        "@csstools/css-tokenizer": "^4.0.2",
        "browserslist": "^4.29.3",
        "cssnano-utils": "^8.2.1"
      }
    },
    "postcss-normalize-url": {
      "version": "9.0.6",
      "resolved": "https://registry.npmjs.org/postcss-normalize-url/-/postcss-normalize-url-9.0.6.tgz",
      "integrity": "sha512-fQyF4hY1BRjFw9IoShVwTEwVN4q8TsVT9d6GwHgv+DpUfEfYfsNHgtkjkgEA/GMhIeSLoOyCZYusiNDvy2Qa8A==",
      "dev": true,
      "requires": {
        "@csstools/css-tokenizer": "^4.0.2",
        "cssnano-utils": "^8.2.1"
      }
    },
    "postcss-normalize-whitespace": {
      "version": "9.0.7",
      "resolved": "https://registry.npmjs.org/postcss-normalize-whitespace/-/postcss-normalize-whitespace-9.0.7.tgz",
      "integrity": "sha512-nwKlSuaZ4x1Bfo6ajgCDvZDSX7wZv4vnRnHiLhcKaurP6/nD1zEtt7Dm/y9GvcmPqNHH8llwW8zJC8YEFTFcRA==",
      "dev": true,
      "requires": {
        "@csstools/css-tokenizer": "^4.0.2",
        "cssnano-utils": "^8.2.1"
      }
    },
    "postcss-ordered-values": {
      "version": "9.0.8",
      "resolved": "https://registry.npmjs.org/postcss-ordered-values/-/postcss-ordered-values-9.0.8.tgz",
      "integrity": "sha512-gj+jUyii6pnKXuJVPl6Cbb7OfOSVhuKP5m8L5Vhyx+sxLPyhxazG20e3bkmnuDrU/EEwduUHFuJ94ZDE/JIhKQ==",
      "dev": true,
      "requires": {
        "cssnano-utils": "^8.2.1"
      }
    },
    "postcss-reduce-initial": {
      "version": "9.0.7",
      "resolved": "https://registry.npmjs.org/postcss-reduce-initial/-/postcss-reduce-initial-9.0.7.tgz",
      "integrity": "sha512-5mnNVdVCf7tI1j2uYtiopoLZ6Dm+M7y4Fz32STAtTEZa7LbOf44zYBYduwd952xXshTJkRHpT2Q2UmK+XLo5ew==",
      "dev": true,
      "requires": {
        "browserslist": "^4.29.3",
        "caniuse-api": "^4.0.0"
      }
    },
    "postcss-reduce-transforms": {
      "version": "9.0.5",
      "resolved": "https://registry.npmjs.org/postcss-reduce-transforms/-/postcss-reduce-transforms-9.0.5.tgz",
      "integrity": "sha512-i8WpWt778MTL3j2zoqhtVLQ54NsiCsUrNxpQh/JD+U+lH+BT4olrRUEofnlf0wGzd6U/s0TWqFr2FsSVxrIzzQ==",
      "dev": true,
      "requires": {
        "cssnano-utils": "^8.2.1"
      }
    },
    "postcss-svgo": {
      "version": "9.0.5",
      "resolved": "https://registry.npmjs.org/postcss-svgo/-/postcss-svgo-9.0.5.tgz",
      "integrity": "sha512-JpqUBFOnJSQ4qhbk1JvigVPnhROL6zjDCUcPWf9PZ8qwntr3dM5xUgkr9gaDNkU5kaVXyOC8fUNUCpY7x4P09A==",
      "dev": true,
      "requires": {
        "@csstools/css-tokenizer": "^4.0.2",
        "cssnano-utils": "^8.2.1",
        "svgo": "^4.1.0"
      }
    },
    "postcss-unique-selectors": {
      "version": "9.0.6",
      "resolved": "https://registry.npmjs.org/postcss-unique-selectors/-/postcss-unique-selectors-9.0.6.tgz",
      "integrity": "sha512-mhXCmLZbqDtzM2JbtjGP36555/aob2fbOXSW8cP0SiNtssVSKB8aG7EbiAhVZKV/toJLqKJm1ayWArvzc5+huA==",
      "dev": true,
      "requires": {
        "@csstools/css-tokenizer": "^4.0.2"
      }
    },
    "rollup": {
      "version": "3.23.0",
      "resolved": "https://registry.npmjs.org/rollup/-/rollup-3.23.0.tgz",
      "integrity": "sha512-h31UlwEi7FHihLe1zbk+3Q7z1k/84rb9BSwmBSr/XjOCEaBJ2YyedQDuM0t/kfOS0IxM+vk1/zI9XxYj9V+NJQ==",
      "dev": true,
      "requires": {
        "fsevents": "~2.3.2"
      }
    },
    "sax": {
      "version": "1.6.1",
      "resolved": "https://registry.npmjs.org/sax/-/sax-1.6.1.tgz",
      "integrity": "sha512-42tBVwLWnaQvW5zc4HbZrTuWccECCZfBi92FDuwtqxasH+JbPB3/FOKb1m222K42R4WxuxzzMsTswfzgtSu64Q==",
      "dev": true
    },
    "source-map-js": {
      "version": "1.2.2",
      "resolved": "https://registry.npmjs.org/source-map-js/-/source-map-js-1.2.2.tgz",
      "integrity": "sha512-KGj/8Y43x35aZVDtt+J4mK1hoLGHULMYfSkODJNQjNDC3oW1PqPoxMwo0pLUsWM/UEGzON/NxeHywEfNXNP3Vw==",
      "dev": true
    },
    "stylehacks": {
      "version": "9.0.8",
      "resolved": "https://registry.npmjs.org/stylehacks/-/stylehacks-9.0.8.tgz",
      "integrity": "sha512-PIopN/yo+/Queh2lTvJLQuXJ5yrqxWk6fQTN10daJVjnEaqkM+i+IjQdc8Jzl2fnJ8Ngq1vb57vI0hoLkKs22w==",
      "dev": true,
      "requires": {
        "@csstools/css-tokenizer": "^4.0.2",
        "browserslist": "^4.29.3"
      }
    },
    "svgo": {
      "version": "4.1.0",
      "resolved": "https://registry.npmjs.org/svgo/-/svgo-4.1.0.tgz",
      "integrity": "sha512-bkxnTg1kSU0guhIBmibA6UUhrQmPVA1XsQLN+ylCd+UWzbnLkySOcXpyk1mrl05f+pcaCx2eHb+sp6BgMZWX+Q==",
      "dev": true,
      "requires": {
        "commander": "^11.1.0",
        "css-select": "^6.0.0",
        "css-tree": "^3.0.1",
        "css-what": "^7.0.0",
        "csso": "^5.0.5",
        "picocolors": "^1.1.1",
        "sax": "1.6.1"
      }
    },
    "typescript": {
      "version": "5.1.3",
      "resolved": "https://registry.npmjs.org/typescript/-/typescript-5.1.3.tgz",
      "integrity": "sha512-XH627E9vkeqhlZFQuL+UsyAXEnibT0kWR2FWONlr4sTjvxyJYnyefgrkyECLzM5NenmKzRAy2rR/OlYLA1HkZw==",
      "dev": true
    },
    "update-browserslist-db": {
      "version": "1.3.4",
      "resolved": "https://registry.npmjs.org/update-browserslist-db/-/update-browserslist-db-1.3.4.tgz",
      "integrity": "sha512-t8wonIOdQyOjtPd2VktlBu6QjTVTks6v8bSi7kd0r2Vll8TK1JYDZtRRdbmCHOAMphkZgrzK+L+vXK4pyZ8t4A==",
      "dev": true,
      "requires": {
        "escalade": "^3.2.0",
        "picocolors": "^1.1.1"
      }
    }
  }
}
