{
  "name": "animate-uri",
  "version": "1.3.0",
  "lockfileVersion": 1,
  "requires": true,
  "dependencies": {
    "@colordx/core": {
      "version": "7.2.0",
      "resolved": "https://registry.npmjs.org/@colordx/core/-/core-7.2.0.tgz",
      "integrity": "sha512-Y5PPwWCWVP59qj2EMVSgD9QMXtMSwt9DseqKvRWOXefM7sRu4EjCRuXQXMaanUH32R8c89OCWJJWZe6jA1dvTg==",
      "dev": true
    },
    "@csstools/css-tokenizer": {
      "version": "4.0.2",
      "resolved": "https://registry.npmjs.org/@csstools/css-tokenizer/-/css-tokenizer-4.0.2.tgz",
      "integrity": "sha512-OoKoR0f76dCY666JlcbhmVTs2drYj1GUXZTYTcbUgJjh9Nv41aFfZ21bPQTERm5+L5cBDo466NltB2lplS5GBw==",
      "dev": true
    },
    "baseline-browser-mapping": {
      "version": "2.11.27",
      "resolved": "https://registry.npmjs.org/baseline-browser-mapping/-/baseline-browser-mapping-2.11.27.tgz",
      "integrity": "sha512-ElY12DaROGuan+lMmZ8Cvo/ZUbXPe7Enc/9VU/b1T3Kp4dwytRcNdR8DoSJN5SNJT/CuvcCA0DHDVmMOCePdRQ==",
      "dev": true
    },
    "boolbase": {
      "version": "1.0.0",
      "resolved": "https://registry.npmjs.org/boolbase/-/boolbase-1.0.0.tgz",
      "integrity": "sha512-JZOSA7Mo9sNGB8+UjSgzdLtokWAky1zbztM3WRLCbZ70/3cTANmQmOdR7y2g+J0e2WXywy1yS468tY+IruqEww==",
      "dev": true
    },
    "browserslist": {
      "version": "4.29.3",
      "resolved": "https://registry.npmjs.org/browserslist/-/browserslist-4.29.3.tgz",
      "integrity": "sha512-1R4kiYKXGViqEN0CnoDrXc1StD9niAwu+j2dukWzrD4bJgsD4lDmEp0CRbc6E/vYJIfTHwPmwyaKtVSudICdPA==",
      "dev": true,
      "requires": {
        "baseline-browser-mapping": "^2.11.26",
        "caniuse-lite": "^1.0.30001813",
        "electron-to-chromium": "^1.5.439",
        "node-releases": "^2.0.57",
        "update-browserslist-db": "^1.3.3"
      }
    },
    "caniuse-api": {
      "version": "4.0.0",
      "resolved": "https://registry.npmjs.org/caniuse-api/-/caniuse-api-4.0.0.tgz",
      "integrity": "sha512-B0hQ1OLyJuHTQSOWXvwibWqM6DCoqJdvBA6X1S/53bd4XU7LJ1yurIPlrsouol3mw1jh9pGI4ivubSpmJeIqCA==",
      "dev": true,
      "requires": {
        "browserslist": "^4.0.0",
        "caniuse-lite": "^1.0.0"
      }
    },
    "caniuse-lite": {
      "version": "1.0.30001814",
      "resolved": "https://registry.npmjs.org/caniuse-lite/-/caniuse-lite-1.0.30001814.tgz",
      "integrity": "sha512-/Uaf1lAzr59XcMpW0o96WoEfr+VXK2OX4U9AgFoiSHsVJ4HppnIFUjtYzsyDH2+tgANaQb2/oxYGwCPapN1FpA==",
      "dev": true
    },
    "commander": {
      "version": "11.1.0",
      "resolved": "https://registry.npmjs.org/commander/-/commander-11.1.0.tgz",
      "integrity": "sha512-yPVavfyCcRhmorC7rWlkHn15b4wDVgVmBA7kV4QVBsF7kv/9TKJAbAXVTxvTnwP8HHKjRCJDClKbciiYS7p0DQ==",
      "dev": true
    },
    "css-select": {
      "version": "6.0.0",
      "resolved": "https://registry.npmjs.org/css-select/-/css-select-6.0.0.tgz",
      "integrity": "sha512-rZZVSLle8v0+EY8QAkDWrKhpgt6SA5OtHsgBnsj6ZaLb5dmDVOWUDtQitd9ydxxvEjhewNudS6eTVU7uOyzvXw==",
      "dev": true,
      "requires": {
        "boolbase": "^1.0.0",
        "css-what": "^7.0.0",
        "domhandler": "^5.0.3",
        "domutils": "^3.2.2",
        "nth-check": "^2.1.1"
      }
    },
    "css-tree": {
      "version": "3.2.1",
      "resolved": "https://registry.npmjs.org/css-tree/-/css-tree-3.2.1.tgz",
      "integrity": "sha512-X7sjQzceUhu1u7Y/ylrRZFU2FS6LRiFVp6rKLPg23y3x3c3DOKAwuXGDp+PAGjh6CSnCjYeAul8pcT8bAl+lSA==",
      "dev": true,
      "requires": {
        "mdn-data": "2.27.1",
        "source-map-js": "^1.2.1"
      }
    },
    "css-what": {
      "version": "7.0.0",
      "resolved": "https://registry.npmjs.org/css-what/-/css-what-7.0.0.tgz",
      "integrity": "sha512-wD5oz5xibMOPHzy13CyGmogB3phdvcDaB5t0W/Nr5Z2O/agcB8YwOz6e2Lsp10pNDzBoDO9nVa3RGs/2BttpHQ==",
      "dev": true
    },
    "cssesc": {
      "version": "3.0.0",
      "resolved": "https://registry.npmjs.org/cssesc/-/cssesc-3.0.0.tgz",
      "integrity": "sha512-/Tb/JcjK111nNScGob5MNtsntNM1aCNUDipB/TkwZFhyDrrE47SOx/18wF2bbjgc3ZzCSKW1T5nt5EbFoAz/Vg==",
      "dev": true
    },
    "cssnano": {
      "version": "9.2.2",
      "resolved": "https://registry.npmjs.org/cssnano/-/cssnano-9.2.2.tgz",
      "integrity": "sha512-TG/gH1G/wCXM//IVBG5pKJznF1KdtW2OoqojenaSLqL0tSfDP7D8qckbPj59iaFMn7THtYVh2HY7yY/5FGaClw==",
      "dev": true,
      "requires": {
        "cssnano-preset-default": "^9.2.2"
      }
    },
    "cssnano-preset-default": {
      "version": "9.2.2",
      "resolved": "https://registry.npmjs.org/cssnano-preset-default/-/cssnano-preset-default-9.2.2.tgz",
      "integrity": "sha512-2xIwkvzbaqfwffkTDMb9fjnI1BZXVEryQ7dhA2yn2t95jo+SkIVnYmZ/ZAmNLrVCj/vmal3FxcLCGh82bQfUvQ==",
      "dev": true,
      "requires": {
        "browserslist": "^4.29.3",
        "cssnano-utils": "^8.1.0",
        "postcss-calc": "^11.2.2",
        "postcss-colormin": "^9.0.6",
        "postcss-convert-values": "^9.0.7",
        "postcss-discard-comments": "^9.0.6",
        "postcss-discard-duplicates": "^9.0.5",
        "postcss-discard-empty": "^9.0.5",
        "postcss-discard-overridden": "^9.0.5",
        "postcss-merge-longhand": "^9.2.0",
        "postcss-merge-rules": "^9.0.8",
        "postcss-minify-font-values": "^9.0.7",
        "postcss-minify-gradients": "^9.0.6",
        "postcss-minify-params": "^9.0.6",
        "postcss-minify-selectors": "^9.0.6",
        "postcss-normalize-charset": "^9.0.5",
        "postcss-normalize-display-values": "^9.0.5",
        "postcss-normalize-positions": "^9.0.6",
        "postcss-normalize-repeat-style": "^9.0.5",
        "postcss-normalize-string": "^9.0.5",
        "postcss-normalize-timing-functions": "^9.0.5",
        "postcss-normalize-unicode": "^9.0.5",
        "postcss-normalize-url": "^9.0.5",
        "postcss-normalize-whitespace": "^9.0.5",
        "postcss-ordered-values": "^9.0.6",
        "postcss-reduce-initial": "^9.0.6",
        "postcss-reduce-transforms": "^9.0.4",
        "postcss-svgo": "^9.0.4",
        "postcss-unique-selectors": "^9.0.5"
      }
    },
    "cssnano-utils": {
      "version": "8.1.0",
      "resolved": "https://registry.npmjs.org/cssnano-utils/-/cssnano-utils-8.1.0.tgz",
      "integrity": "sha512-Mzcc0ju/a19+qiqwPk+b6ieJa+tFVNNnrD2gLbk7CmENdJvlUtCuII+sIRZnfl1shHEKGQpmG2rwRpNaqe43xA==",
      "dev": true,
      "requires": {
        "@csstools/css-tokenizer": "^4.0.2"
      }
    },
    "csso": {
      "version": "5.0.5",
      "resolved": "https://registry.npmjs.org/csso/-/csso-5.0.5.tgz",
      "integrity": "sha512-0LrrStPOdJj+SPCCrGhzryycLjwcgUSHBtxNA8aIDxf0GLsRh1cKYhB00Gd1lDOS4yGH69+SNn13+TWbVHETFQ==",
      "dev": true,
      "requires": {
        "css-tree": "~2.2.0"
      },
      "dependencies": {
        "css-tree": {
          "version": "2.2.1",
          "resolved": "https://registry.npmjs.org/css-tree/-/css-tree-2.2.1.tgz",
          "integrity": "sha512-OA0mILzGc1kCOCSJerOeqDxDQ4HOh+G8NbOJFOTgOCzpw7fCBubk0fEyxp8AgOL/jvLgYA/uV0cMbe43ElF1JA==",
          "dev": true,
          "requires": {
            "mdn-data": "2.0.28",
            "source-map-js": "^1.0.1"
          }
        },
        "mdn-data": {
          "version": "2.0.28",
          "resolved": "https://registry.npmjs.org/mdn-data/-/mdn-data-2.0.28.tgz",
          "integrity": "sha512-aylIc7Z9y4yzHYAJNuESG3hfhC+0Ibp/MAMiaOZgNv4pmEdFyfZhhhny4MNiAfWdBQ1RQ2mfDWmM1x8SvGyp8g==",
          "dev": true
        }
      }
    },
    "dom-serializer": {
      "version": "2.0.0",
      "resolved": "https://registry.npmjs.org/dom-serializer/-/dom-serializer-2.0.0.tgz",
      "integrity": "sha512-wIkAryiqt/nV5EQKqQpo3SToSOV9J0DnbJqwK7Wv/Trc92zIAYZ4FlMu+JPFW1DfGFt81ZTCGgDEabffXeLyJg==",
      "dev": true,
      "requires": {
        "domelementtype": "^2.3.0",
        "domhandler": "^5.0.2",
        "entities": "^4.2.0"
      }
    },
    "domelementtype": {
      "version": "2.3.0",
      "resolved": "https://registry.npmjs.org/domelementtype/-/domelementtype-2.3.0.tgz",
      "integrity": "sha512-OLETBj6w0OsagBwdXnPdN0cnMfF9opN69co+7ZrbfPGrdpPVNBUj02spi6B1N7wChLQiPn4CSH/zJvXw56gmHw==",
      "dev": true
    },
    "domhandler": {
      "version": "5.0.3",
      "resolved": "https://registry.npmjs.org/domhandler/-/domhandler-5.0.3.tgz",
      "integrity": "sha512-cgwlv/1iFQiFnU96XXgROh8xTeetsnJiDsTc7TYCLFd9+/WNkIqPTxiM/8pSd8VIrhXGTf1Ny1q1hquVqDJB5w==",
      "dev": true,
      "requires": {
        "domelementtype": "^2.3.0"
      }
    },
    "domutils": {
      "version": "3.2.2",
      "resolved": "https://registry.npmjs.org/domutils/-/domutils-3.2.2.tgz",
      "integrity": "sha512-6kZKyUajlDuqlHKVX1w7gyslj9MPIXzIFiz/rGu35uC1wMi+kMhQwGhl4lt9unC9Vb9INnY9Z3/ZA3+FhASLaw==",
      "dev": true,
      "requires": {
        "dom-serializer": "^2.0.0",
        "domelementtype": "^2.3.0",
        "domhandler": "^5.0.3"
      }
    },
    "electron-to-chromium": {
      "version": "1.5.444",
      "resolved": "https://registry.npmjs.org/electron-to-chromium/-/electron-to-chromium-1.5.444.tgz",
      "integrity": "sha512-5ss/uJfoDYDHT0lfJzT6FbcskIzROIOPf0BbbFkGcvDzoJU7i//9GDrwwIHQVmIsrAGiF3ihpADBRIsrEFt1rQ==",
      "dev": true
    },
    "entities": {
      "version": "4.5.0",
      "resolved": "https://registry.npmjs.org/entities/-/entities-4.5.0.tgz",
      "integrity": "sha512-V0hjH4dGPh9Ao5p0MoRY6BVqtwCjhz6vI5LT8AJ55H+4g9/4vbHx1I54fS0XuclLhDHArPQCiMjDxjaL8fPxhw==",
      "dev": true
    },
    "escalade": {
      "version": "3.2.0",
      "resolved": "https://registry.npmjs.org/escalade/-/escalade-3.2.0.tgz",
      "integrity": "sha512-WUj2qlxaQtO4g6Pq5c29GTcWGDyd8itL8zTlipgECz3JesAiiOKotd8JU6otB3PACgG6xkJUyVhboMS+bje/jA==",
      "dev": true
    },
    "fsevents": {
      "version": "2.3.2",
      "resolved": "https://registry.npmjs.org/fsevents/-/fsevents-2.3.2.tgz",
      "integrity": "sha512-xiqMQR4xAeHTuB9uWm+fFRcIOgKBMiOBP+eXiyT7jsgVCq1bkVygt00oASowB7EdtpOHaaPgKt812P9ab+DDKA==",
      "dev": true,
      "optional": true
    },
    "mdn-data": {
      "version": "2.27.1",
      "resolved": "https://registry.npmjs.org/mdn-data/-/mdn-data-2.27.1.tgz",
      "integrity": "sha512-9Yubnt3e8A0OKwxYSXyhLymGW4sCufcLG6VdiDdUGVkPhpqLxlvP5vl1983gQjJl3tqbrM731mjaZaP68AgosQ==",
      "dev": true
    },
    "node-releases": {
      "version": "2.0.57",
      "resolved": "https://registry.npmjs.org/node-releases/-/node-releases-2.0.57.tgz",
      "integrity": "sha512-kQK9LGGFiHtrWiNhZtA7Qbw17AQz+dmsEKODRIVTXA9+e5MS/2gZEBhYJt13GrAz5/IOZKddH/0Z3TP/Zgo+yw==",
      "dev": true
    },
    "nth-check": {
      "version": "2.1.1",
      "resolved": "https://registry.npmjs.org/nth-check/-/nth-check-2.1.1.tgz",
      "integrity": "sha512-lqjrjmaOoAnWfMmBPL+XNnynZh2+swxiX3WUE0s4yEHI6m+AwrK2UZOimIRl3X/4QctVqS8AiZjFqyOGrMXb/w==",
      "dev": true,
      "requires": {
        "boolbase": "^1.0.0"
      }
    },
    "picocolors": {
      "version": "1.1.1",
      "resolved": "https://registry.npmjs.org/picocolors/-/picocolors-1.1.1.tgz",
      "integrity": "sha512-xceH2snhtb5M9liqDsmEw56le376mTZkEX/jEb/RxNFyegNul7eNslCXP9FDj/Lcu0X8KEyMceP2ntpaHrDEVA==",
      "dev": true
    },
    "postcss-calc": {
      "version": "11.2.2",
      "resolved": "https://registry.npmjs.org/postcss-calc/-/postcss-calc-11.2.2.tgz",
      "integrity": "sha512-wSquceGIY20fnsXcdIYtzW0r34aoXlT6iDYpYKpgR5Ax/KCZMDteE54Z+4Ee24ryYkjnRU5F3cxvhRfNp6t5VA==",
      "dev": true,
      "requires": {
        "@csstools/css-tokenizer": "^4.0.2"
      }
    },
    "postcss-colormin": {
      "version": "9.0.6",
      "resolved": "https://registry.npmjs.org/postcss-colormin/-/postcss-colormin-9.0.6.tgz",
      "integrity": "sha512-uKsm564OtyCc0WgUhhs1+vuk6jWK+0T128NvYxiINThP5Jgn7GjsYpkc6nwiFeVpqPMXEBYsWdb3xhb4tfnT6w==",
      "dev": true,
      "requires": {
        "@colordx/core": "^7.2.0",
        "@csstools/css-tokenizer": "^4.0.2",
        "browserslist": "^4.29.3",
        "caniuse-api": "^4.0.0",
        "cssnano-utils": "^8.0.2"
      }
    },
    "postcss-convert-values": {
      "version": "9.0.7",
      "resolved": "https://registry.npmjs.org/postcss-convert-values/-/postcss-convert-values-9.0.7.tgz",
      "integrity": "sha512-H2wfTbGzeU/71cPn6z3MWco+x46XPvgAISUVT3lo1JU6wAJWWEQ71JevslwjWr3GaY0unDixcmRIT0vIn5Imqg==",
      "dev": true,
      "requires": {
        "browserslist": "^4.29.3",
        "cssnano-utils": "^8.0.2"
      }
    },
    "postcss-discard-comments": {
      "version": "9.0.6",
      "resolved": "https://registry.npmjs.org/postcss-discard-comments/-/postcss-discard-comments-9.0.6.tgz",
      "integrity": "sha512-jK5bfKASmV7fSf6rL8XEU4uJaQUe5/5OFkA8pzHooUugV73uIg2JFEMnNwdHBOXJ+bAcGPZ7b7DxkXZdtqG7Bg==",
      "dev": true,
      "requires": {
        "@csstools/css-tokenizer": "^4.0.2",
        "cssnano-utils": "^8.0.2"
      }
    },
    "postcss-discard-duplicates": {
      "version": "9.0.5",
      "resolved": "https://registry.npmjs.org/postcss-discard-duplicates/-/postcss-discard-duplicates-9.0.5.tgz",
      "integrity": "sha512-Il321Y6C/In5Uyub+wmf+9TwiYtTGg1Fk4F5DtjXXbQezeNdO3wLNeTRLXzmuihu3vHRmks2bG9di1ImyaGsQw==",
      "dev": true,
      "requires": {
        "cssnano-utils": "^8.1.0"
      }
    },
    "postcss-discard-empty": {
      "version": "9.0.5",
      "resolved": "https://registry.npmjs.org/postcss-discard-empty/-/postcss-discard-empty-9.0.5.tgz",
      "integrity": "sha512-XDfk8xuYDbdEsfKqqISbxLOJaF9d5vZR5xr+ZdqJcjwSu19C8gZSDMe30hgtYq9+4MrAA0ctUSCN4lkhUcpjjA==",
      "dev": true
    },
    "postcss-discard-overridden": {
      "version": "9.0.5",
      "resolved": "https://registry.npmjs.org/postcss-discard-overridden/-/postcss-discard-overridden-9.0.5.tgz",
      "integrity": "sha512-R/pSAgkbHOdPi8op7b5IyeY8Z0hJ1yemvRpNP2dh41Lm2ldjA1N1lXBdopj7vbzLzzhXLNPnQTolV+vUJ3HGVA==",
      "dev": true
    },
    "postcss-merge-longhand": {
      "version": "9.2.0",
      "resolved": "https://registry.npmjs.org/postcss-merge-longhand/-/postcss-merge-longhand-9.2.0.tgz",
      "integrity": "sha512-7ZozpQkYDYfzYV4MYcDJZScXHVq2WS4A8RJEJ9nwxhRcvXP/7GBEMNNLadaqb53q4uCJnJtt36k0kFzcnhBK+w==",
      "dev": true,
      "requires": {
        "browserslist": "^4.29.3",
        "cssnano-utils": "^8.0.2",
        "stylehacks": "^9.0.7"
      }
    },
    "postcss-merge-rules": {
      "version": "9.0.8",
      "resolved": "https://registry.npmjs.org/postcss-merge-rules/-/postcss-merge-rules-9.0.8.tgz",
      "integrity": "sha512-kp14dE0AlXwd69pcfU6VWG9G6pCPK11OWJqlb3/ccoO9CRKGVsqiHOq/hpkAm4scYzuo3ZMYQs1E0O7c2K8SSA==",
      "dev": true,
      "requires": {
        "@csstools/css-tokenizer": "^4.0.2",
        "browserslist": "^4.29.3",
        "caniuse-api": "^4.0.0",
        "cssnano-utils": "^8.1.0",
        "postcss-minify-selectors": "^9.0.6"
      }
    },
    "postcss-minify-font-values": {
      "version": "9.0.7",
      "resolved": "https://registry.npmjs.org/postcss-minify-font-values/-/postcss-minify-font-values-9.0.7.tgz",
      "integrity": "sha512-cnje2Aby5P4o0IUvy02yhQ9wJ8PJNYd32iYFnM3/2G+1nvoUs/hRAkyFf2WfGlgtBJy24QPMYdWRUQ6CDm1MYw==",
      "dev": true,
      "requires": {
        "@csstools/css-tokenizer": "^4.0.2",
        "cssnano-utils": "^8.1.0"
      }
    },
    "postcss-minify-gradients": {
      "version": "9.0.6",
      "resolved": "https://registry.npmjs.org/postcss-minify-gradients/-/postcss-minify-gradients-9.0.6.tgz",
      "integrity": "sha512-r0u1zcMXFn2xmafxONtZhmmeL/e5f3d9MK4vReuG1y58Vfn8iSWIzF3yiU9+QOtJjb+c2Fd+ZeaM08dkMD/ETQ==",
      "dev": true,
      "requires": {
        "@colordx/core": "^7.2.0",
        "@csstools/css-tokenizer": "^4.0.2",
        "cssnano-utils": "^8.0.2"
      }
    },
    "postcss-minify-params": {
      "version": "9.0.6",
      "resolved": "https://registry.npmjs.org/postcss-minify-params/-/postcss-minify-params-9.0.6.tgz",
      "integrity": "sha512-HbQdOob8KqH+IslULbA52A/uZZUTArDxJ+eDqSnWq7cnCvGets/H/AQU998+BlFgB4Nv5bngWeFVtWp4we26cw==",
      "dev": true,
      "requires": {
        "browserslist": "^4.29.3",
        "cssnano-utils": "^8.0.2"
      }
    },
    "postcss-minify-selectors": {
      "version": "9.0.6",
      "resolved": "https://registry.npmjs.org/postcss-minify-selectors/-/postcss-minify-selectors-9.0.6.tgz",
      "integrity": "sha512-JOZcNGgwy+E4eR+cy9B0KPa4DUsNHOp899xYEJW8dvpsAFuzBzJXrbnKaAEnbd3nvE4nr4Z+ECQiZTswLPsdkg==",
      "dev": true,
      "requires": {
        "browserslist": "^4.29.3",
        "caniuse-api": "^4.0.0",
        "cssesc": "^3.0.0",
        "cssnano-utils": "^8.0.2"
      }
    },
    "postcss-normalize-charset": {
      "version": "9.0.5",
      "resolved": "https://registry.npmjs.org/postcss-normalize-charset/-/postcss-normalize-charset-9.0.5.tgz",
      "integrity": "sha512-mmbQmD9mlz3pTo+r4KdwcfD23cNksQo7aYNa4lfL4Bsj0XkL+rtcbNOY7Oo+U82DP1syYXCyF1PRc32gb36MqA==",
      "dev": true
    },
    "postcss-normalize-display-values": {
      "version": "9.0.5",
      "resolved": "https://registry.npmjs.org/postcss-normalize-display-values/-/postcss-normalize-display-values-9.0.5.tgz",
      "integrity": "sha512-V5tOZuYQtOpYNjoSjciDckB8Ry+s2NcHqVHloYe5Xh/6OA2Z3kVymAck3zipZ1uLBdMvg7BUvxoDIcH6dJCPug==",
      "dev": true,
      "requires": {
        "@csstools/css-tokenizer": "^4.0.2",
        "cssnano-utils": "^8.0.1"
      }
    },
    "postcss-normalize-positions": {
      "version": "9.0.6",
      "resolved": "https://registry.npmjs.org/postcss-normalize-positions/-/postcss-normalize-positions-9.0.6.tgz",
      "integrity": "sha512-n69U09h5ej9q7/mNCDdA5TJpJEgfIoLaEPZX1zMtWE+QXysEm9K62GfDxuHYnOEQle0s/HhpT5wQ/BqFGrHQ4Q==",
      "dev": true,
      "requires": {
        "cssnano-utils": "^8.0.2"
      }
    },
    "postcss-normalize-repeat-style": {
      "version": "9.0.5",
      "resolved": "https://registry.npmjs.org/postcss-normalize-repeat-style/-/postcss-normalize-repeat-style-9.0.5.tgz",
      "integrity": "sha512-1QZ9ZdyWb4TRDCXIg8iqeACo6BWKjxtfeMgMSy6ORqX21gKN4lYYQqZpxPdILpvbLaEfXGVd0ptMCiKbxCObjA==",
      "dev": true,
      "requires": {
        "cssnano-utils": "^8.0.1"
      }
    },
    "postcss-normalize-string": {
      "version": "9.0.5",
      "resolved": "https://registry.npmjs.org/postcss-normalize-string/-/postcss-normalize-string-9.0.5.tgz",
      "integrity": "sha512-470sWbU7N/kwSOYl+9yJUzq1BWSHAVLP86E89Ap5RGZGXmBnn7jmwF2xgH+a7uSAkaBhTGu/hf4R1U5gGHqEHw==",
      "dev": true,
      "requires": {
        "@csstools/css-tokenizer": "^4.0.2"
      }
    },
    "postcss-normalize-timing-functions": {
      "version": "9.0.5",
      "resolved": "https://registry.npmjs.org/postcss-normalize-timing-functions/-/postcss-normalize-timing-functions-9.0.5.tgz",
      "integrity": "sha512-uw5Y1xNsnh1Z8XB1I4Sx6/T7GKfdBTpX7X7ywDibb35IIYjJLf68qjBRDl59ETYrWkoGxZXIYU74RcO6cAjjmw==",
      "dev": true,
      "requires": {
        "@csstools/css-tokenizer": "^4.0.2",
        "cssnano-utils": "^8.0.1"
      }
    },
    "postcss-normalize-unicode": {
      "version": "9.0.5",
      "resolved": "https://registry.npmjs.org/postcss-normalize-unicode/-/postcss-normalize-unicode-9.0.5.tgz",
      "integrity": "sha512-mDIcHiI0JMEchOA+OdTNAkhdb6IUIJFocVuacszLC/zFJlhyc0GUeZYIkaGVg/tEj3X8jVnd8Xetm8iN/0cAvQ==",
      "dev": true,
      "requires": {
        "@csstools/css-tokenizer": "^4.0.2",
        "browserslist": "^4.29.3",
        "cssnano-utils": "^8.0.2"
      }
    },
    "postcss-normalize-url": {
      "version": "9.0.5",
      "resolved": "https://registry.npmjs.org/postcss-normalize-url/-/postcss-normalize-url-9.0.5.tgz",
      "integrity": "sha512-iGf8SEx4Abu9XqmubHU7Prl7dWT0gk+VethwzfY40Zo9y3VItrz8QSDFMCxQmWpphXiU0jGq5K4uoiSi2ySnNw==",
      "dev": true,
      "requires": {
        "@csstools/css-tokenizer": "^4.0.2",
        "cssnano-utils": "^8.0.1"
      }
    },
    "postcss-normalize-whitespace": {
      "version": "9.0.5",
      "resolved": "https://registry.npmjs.org/postcss-normalize-whitespace/-/postcss-normalize-whitespace-9.0.5.tgz",
      "integrity": "sha512-vaDslAUVqguYgC2jMb90Rc+N904rPx4XtYIWhaI/8m6OYx7+EOgsQmTLOGB4WjDAIMOgdBVTQqub8dQSoSVyww==",
      "dev": true,
      "requires": {
        "@csstools/css-tokenizer": "^4.0.2",
        "cssnano-utils": "^8.0.1"
      }
    },
    "postcss-ordered-values": {
      "version": "9.0.6",
      "resolved": "https://registry.npmjs.org/postcss-ordered-values/-/postcss-ordered-values-9.0.6.tgz",
      "integrity": "sha512-/Oua4QNx4So8QSEYC+kH5lEM8Z67D8ONMZBx/J5hidkMIRfYGyrUcdlvEZ3e48A6YlOq5hyHb/axcNezq1hhAQ==",
      "dev": true,
      "requires": {
        "cssnano-utils": "^8.1.0"
      }
    },
    "postcss-reduce-initial": {
      "version": "9.0.6",
      "resolved": "https://registry.npmjs.org/postcss-reduce-initial/-/postcss-reduce-initial-9.0.6.tgz",
      "integrity": "sha512-Jjj9edyokvyJ/BJ0X/8S6zHrLSKziTX0lwd4nhJwbEkaRut9v6F79sdy6tC+69KDyo8ILsCGXeR41agJSt7Kfg==",
      "dev": true,
      "requires": {
        "browserslist": "^4.29.3",
        "caniuse-api": "^4.0.0"
      }
    },
    "postcss-reduce-transforms": {
      "version": "9.0.4",
      "resolved": "https://registry.npmjs.org/postcss-reduce-transforms/-/postcss-reduce-transforms-9.0.4.tgz",
      "integrity": "sha512-hRzepc/cwIs1cCdIghQatRDFlxc7qQieXzkyCfyVl8KPTPhOZyOtdPp9Qt90fMbqWry6YdMQu/YfScxh47sTYg==",
      "dev": true,
      "requires": {
        "cssnano-utils": "^8.0.0"
      }
    },
    "postcss-svgo": {
      "version": "9.0.4",
      "resolved": "https://registry.npmjs.org/postcss-svgo/-/postcss-svgo-9.0.4.tgz",
      "integrity": "sha512-0QGF1sORc244E+DNJxEzQDK/zK24VO0CMzAMOwOW+cQ90Y65mVDR2yrSxp4/f+XcdxmAf5LPm22zlnhVUTbtAA==",
      "dev": true,
      "requires": {
        "@csstools/css-tokenizer": "^4.0.2",
        "cssnano-utils": "^8.0.0",
        "svgo": "^4.1.0"
      }
    },
    "postcss-unique-selectors": {
      "version": "9.0.5",
      "resolved": "https://registry.npmjs.org/postcss-unique-selectors/-/postcss-unique-selectors-9.0.5.tgz",
      "integrity": "sha512-1otppE5FwWqmIM1jqBpeAdA0GSP9wwzRCRsbz7EtbSNunh3bJ9PPRuYYzByvqnz7L351ZA2fDHC0CcouYoPWfA==",
      "dev": true,
      "requires": {
        "@csstools/css-tokenizer": "^4.0.2"
      }
    },
    "rollup": {
      "version": "3.23.0",
      "resolved": "https://registry.npmjs.org/rollup/-/rollup-3.23.0.tgz",
      "integrity": "sha512-h31UlwEi7FHihLe1zbk+3Q7z1k/84rb9BSwmBSr/XjOCEaBJ2YyedQDuM0t/kfOS0IxM+vk1/zI9XxYj9V+NJQ==",
      "dev": true,
      "requires": {
        "fsevents": "~2.3.2"
      }
    },
    "sax": {
      "version": "1.6.1",
      "resolved": "https://registry.npmjs.org/sax/-/sax-1.6.1.tgz",
      "integrity": "sha512-42tBVwLWnaQvW5zc4HbZrTuWccECCZfBi92FDuwtqxasH+JbPB3/FOKb1m222K42R4WxuxzzMsTswfzgtSu64Q==",
      "dev": true
    },
    "source-map-js": {
      "version": "1.2.2",
      "resolved": "https://registry.npmjs.org/source-map-js/-/source-map-js-1.2.2.tgz",
      "integrity": "sha512-KGj/8Y43x35aZVDtt+J4mK1hoLGHULMYfSkODJNQjNDC3oW1PqPoxMwo0pLUsWM/UEGzON/NxeHywEfNXNP3Vw==",
      "dev": true
    },
    "stylehacks": {
      "version": "9.0.7",
      "resolved": "https://registry.npmjs.org/stylehacks/-/stylehacks-9.0.7.tgz",
      "integrity": "sha512-KIpCgyoHOxm3wKEGPLvvrQT8bl0E/qCF+MkO83Pe7469JDsWE7PT0k2AlZJFivO+9j/222q+sI8EKSAalIRkNA==",
      "dev": true,
      "requires": {
        "@csstools/css-tokenizer": "^4.0.2",
        "browserslist": "^4.29.3"
      }
    },
    "svgo": {
      "version": "4.1.0",
      "resolved": "https://registry.npmjs.org/svgo/-/svgo-4.1.0.tgz",
      "integrity": "sha512-bkxnTg1kSU0guhIBmibA6UUhrQmPVA1XsQLN+ylCd+UWzbnLkySOcXpyk1mrl05f+pcaCx2eHb+sp6BgMZWX+Q==",
      "dev": true,
      "requires": {
        "commander": "^11.1.0",
        "css-select": "^6.0.0",
        "css-tree": "^3.0.1",
        "css-what": "^7.0.0",
        "csso": "^5.0.5",
        "picocolors": "^1.1.1",
        "sax": "1.6.1"
      }
    },
    "typescript": {
      "version": "5.1.3",
      "resolved": "https://registry.npmjs.org/typescript/-/typescript-5.1.3.tgz",
      "integrity": "sha512-XH627E9vkeqhlZFQuL+UsyAXEnibT0kWR2FWONlr4sTjvxyJYnyefgrkyECLzM5NenmKzRAy2rR/OlYLA1HkZw==",
      "dev": true
    },
    "update-browserslist-db": {
      "version": "1.3.3",
      "resolved": "https://registry.npmjs.org/update-browserslist-db/-/update-browserslist-db-1.3.3.tgz",
      "integrity": "sha512-pJ2sYawQS0R/WI928Gj5GlPhTGzbMelq0+4INtSYNDV9ErKJcX6xjGWkoG/VnB3dpUm00zALaqkrUD77pO5TDQ==",
      "dev": true,
      "requires": {
        "escalade": "^3.2.0",
        "picocolors": "^1.1.1"
      }
    }
  }
}
